
Microsoft Visual Studio Solution File, Format Version 12.00
# Visual Studio Version 16
VisualStudioVersion = 16.0.30114.105
MinimumVisualStudioVersion = 10.0.40219.1
Project("{FAE04EC0-301F-11D3-BF4B-00C04F79EFBC}") = "R5T.D0115.Construction", "R5T.D0115.Construction\R5T.D0115.Construction.csproj", "{1B01411C-971E-44A3-9F73-C2F68B40F257}"
EndProject
Project("{2150E333-8FDC-42A3-9474-1A3956D46DE8}") = "_Dependencies", "_Dependencies", "{0E9029D9-D4E2-4205-BB79-D7512CC8F587}"
EndProject
Project("{FAE04EC0-301F-11D3-BF4B-00C04F79EFBC}") = "R5T.Plymouth.ProgramAsAService", "..\..\R5T.Plymouth\source\R5T.Plymouth.ProgramAsAService\R5T.Plymouth.ProgramAsAService.csproj", "{29CD1F1C-5E4B-4DA5-BA08-7782F2109661}"
EndProject
Project("{FAE04EC0-301F-11D3-BF4B-00C04F79EFBC}") = "R5T.T0027.T009", "..\..\R5T.T0027\source\R5T.T0027.T009\R5T.T0027.T009.csproj", "{83D7217F-5A19-41F6-A77F-17D64B4BC3F9}"
EndProject
Project("{FAE04EC0-301F-11D3-BF4B-00C04F79EFBC}") = "R5T.D0115.I001", "R5T.D0115.I001\R5T.D0115.I001.csproj", "{F486E329-B2FD-4AD0-AB96-4AF1D7E4057E}"
EndProject
Project("{FAE04EC0-301F-11D3-BF4B-00C04F79EFBC}") = "R5T.D0115.Base", "R5T.D0115.Base\R5T.D0115.Base.csproj", "{4DA18777-1E8B-4921-A5AB-4EAD3B26E76D}"
EndProject
Project("{FAE04EC0-301F-11D3-BF4B-00C04F79EFBC}") = "R5T.Dacia.Extensions", "..\..\R5T.Dacia.Extensions\source\R5T.Dacia.Extensions\R5T.Dacia.Extensions.csproj", "{D5050917-DAB9-47EC-9787-4DE0E439B2CC}"
EndProject
Project("{FAE04EC0-301F-11D3-BF4B-00C04F79EFBC}") = "R5T.Dacia.T002", "..\..\R5T.Dacia\source\R5T.Dacia.T002\R5T.Dacia.T002.csproj", "{EE347046-9E73-4766-B373-98D5BD527973}"
EndProject
Global
	GlobalSection(SolutionConfigurationPlatforms) = preSolution
		Debug|Any CPU = Debug|Any CPU
		Debug|x64 = Debug|x64
		Debug|x86 = Debug|x86
		Release|Any CPU = Release|Any CPU
		Release|x64 = Release|x64
		Release|x86 = Release|x86
	EndGlobalSection
	GlobalSection(SolutionProperties) = preSolution
		HideSolutionNode = FALSE
	EndGlobalSection
	GlobalSection(ProjectConfigurationPlatforms) = postSolution
		{1B01411C-971E-44A3-9F73-C2F68B40F257}.Debug|Any CPU.ActiveCfg = Debug|Any CPU
		{1B01411C-971E-44A3-9F73-C2F68B40F257}.Debug|Any CPU.Build.0 = Debug|Any CPU
		{1B01411C-971E-44A3-9F73-C2F68B40F257}.Debug|x64.ActiveCfg = Debug|Any CPU
		{1B01411C-971E-44A3-9F73-C2F68B40F257}.Debug|x64.Build.0 = Debug|Any CPU
		{1B01411C-971E-44A3-9F73-C2F68B40F257}.Debug|x86.ActiveCfg = Debug|Any CPU
		{1B01411C-971E-44A3-9F73-C2F68B40F257}.Debug|x86.Build.0 = Debug|Any CPU
		{1B01411C-971E-44A3-9F73-C2F68B40F257}.Release|Any CPU.ActiveCfg = Release|Any CPU
		{1B01411C-971E-44A3-9F73-C2F68B40F257}.Release|Any CPU.Build.0 = Release|Any CPU
		{1B01411C-971E-44A3-9F73-C2F68B40F257}.Release|x64.ActiveCfg = Release|Any CPU
		{1B01411C-971E-44A3-9F73-C2F68B40F257}.Release|x64.Build.0 = Release|Any CPU
		{1B01411C-971E-44A3-9F73-C2F68B40F257}.Release|x86.ActiveCfg = Release|Any CPU
		{1B01411C-971E-44A3-9F73-C2F68B40F257}.Release|x86.Build.0 = Release|Any CPU
		{29CD1F1C-5E4B-4DA5-BA08-7782F2109661}.Debug|Any CPU.ActiveCfg = Debug|Any CPU
		{29CD1F1C-5E4B-4DA5-BA08-7782F2109661}.Debug|Any CPU.Build.0 = Debug|Any CPU
		{29CD1F1C-5E4B-4DA5-BA08-7782F2109661}.Debug|x64.ActiveCfg = Debug|Any CPU
		{29CD1F1C-5E4B-4DA5-BA08-7782F2109661}.Debug|x64.Build.0 = Debug|Any CPU
		{29CD1F1C-5E4B-4DA5-BA08-7782F2109661}.Debug|x86.ActiveCfg = Debug|Any CPU
		{29CD1F1C-5E4B-4DA5-BA08-7782F2109661}.Debug|x86.Build.0 = Debug|Any CPU
		{29CD1F1C-5E4B-4DA5-BA08-7782F2109661}.Release|Any CPU.ActiveCfg = Release|Any CPU
		{29CD1F1C-5E4B-4DA5-BA08-7782F2109661}.Release|Any CPU.Build.0 = Release|Any CPU
		{29CD1F1C-5E4B-4DA5-BA08-7782F2109661}.Release|x64.ActiveCfg = Release|Any CPU
		{29CD1F1C-5E4B-4DA5-BA08-7782F2109661}.Release|x64.Build.0 = Release|Any CPU
		{29CD1F1C-5E4B-4DA5-BA08-7782F2109661}.Release|x86.ActiveCfg = Release|Any CPU
		{29CD1F1C-5E4B-4DA5-BA08-7782F2109661}.Release|x86.Build.0 = Release|Any CPU
		{83D7217F-5A19-41F6-A77F-17D64B4BC3F9}.Debug|Any CPU.ActiveCfg = Debug|Any CPU
		{83D7217F-5A19-41F6-A77F-17D64B4BC3F9}.Debug|Any CPU.Build.0 = Debug|Any CPU
		{83D7217F-5A19-41F6-A77F-17D64B4BC3F9}.Debug|x64.ActiveCfg = Debug|Any CPU
		{83D7217F-5A19-41F6-A77F-17D64B4BC3F9}.Debug|x64.Build.0 = Debug|Any CPU
		{83D7217F-5A19-41F6-A77F-17D64B4BC3F9}.Debug|x86.ActiveCfg = Debug|Any CPU
		{83D7217F-5A19-41F6-A77F-17D64B4BC3F9}.Debug|x86.Build.0 = Debug|Any CPU
		{83D7217F-5A19-41F6-A77F-17D64B4BC3F9}.Release|Any CPU.ActiveCfg = Release|Any CPU
		{83D7217F-5A19-41F6-A77F-17D64B4BC3F9}.Release|Any CPU.Build.0 = Release|Any CPU
		{83D7217F-5A19-41F6-A77F-17D64B4BC3F9}.Release|x64.ActiveCfg = Release|Any CPU
		{83D7217F-5A19-41F6-A77F-17D64B4BC3F9}.Release|x64.Build.0 = Release|Any CPU
		{83D7217F-5A19-41F6-A77F-17D64B4BC3F9}.Release|x86.ActiveCfg = Release|Any CPU
		{83D7217F-5A19-41F6-A77F-17D64B4BC3F9}.Release|x86.Build.0 = Release|Any CPU
		{F486E329-B2FD-4AD0-AB96-4AF1D7E4057E}.Debug|Any CPU.ActiveCfg = Debug|Any CPU
		{F486E329-B2FD-4AD0-AB96-4AF1D7E4057E}.Debug|Any CPU.Build.0 = Debug|Any CPU
		{F486E329-B2FD-4AD0-AB96-4AF1D7E4057E}.Debug|x64.ActiveCfg = Debug|Any CPU
		{F486E329-B2FD-4AD0-AB96-4AF1D7E4057E}.Debug|x64.Build.0 = Debug|Any CPU
		{F486E329-B2FD-4AD0-AB96-4AF1D7E4057E}.Debug|x86.ActiveCfg = Debug|Any CPU
		{F486E329-B2FD-4AD0-AB96-4AF1D7E4057E}.Debug|x86.Build.0 = Debug|Any CPU
		{F486E329-B2FD-4AD0-AB96-4AF1D7E4057E}.Release|Any CPU.ActiveCfg = Release|Any CPU
		{F486E329-B2FD-4AD0-AB96-4AF1D7E4057E}.Release|Any CPU.Build.0 = Release|Any CPU
		{F486E329-B2FD-4AD0-AB96-4AF1D7E4057E}.Release|x64.ActiveCfg = Release|Any CPU
		{F486E329-B2FD-4AD0-AB96-4AF1D7E4057E}.Release|x64.Build.0 = Release|Any CPU
		{F486E329-B2FD-4AD0-AB96-4AF1D7E4057E}.Release|x86.ActiveCfg = Release|Any CPU
		{F486E329-B2FD-4AD0-AB96-4AF1D7E4057E}.Release|x86.Build.0 = Release|Any CPU
		{4DA18777-1E8B-4921-A5AB-4EAD3B26E76D}.Debug|Any CPU.ActiveCfg = Debug|Any CPU
		{4DA18777-1E8B-4921-A5AB-4EAD3B26E76D}.Debug|Any CPU.Build.0 = Debug|Any CPU
		{4DA18777-1E8B-4921-A5AB-4EAD3B26E76D}.Debug|x64.ActiveCfg = Debug|Any CPU
		{4DA18777-1E8B-4921-A5AB-4EAD3B26E76D}.Debug|x64.Build.0 = Debug|Any CPU
		{4DA18777-1E8B-4921-A5AB-4EAD3B26E76D}.Debug|x86.ActiveCfg = Debug|Any CPU
		{4DA18777-1E8B-4921-A5AB-4EAD3B26E76D}.Debug|x86.Build.0 = Debug|Any CPU
		{4DA18777-1E8B-4921-A5AB-4EAD3B26E76D}.Release|Any CPU.ActiveCfg = Release|Any CPU
		{4DA18777-1E8B-4921-A5AB-4EAD3B26E76D}.Release|Any CPU.Build.0 = Release|Any CPU
		{4DA18777-1E8B-4921-A5AB-4EAD3B26E76D}.Release|x64.ActiveCfg = Release|Any CPU
		{4DA18777-1E8B-4921-A5AB-4EAD3B26E76D}.Release|x64.Build.0 = Release|Any CPU
		{4DA18777-1E8B-4921-A5AB-4EAD3B26E76D}.Release|x86.ActiveCfg = Release|Any CPU
		{4DA18777-1E8B-4921-A5AB-4EAD3B26E76D}.Release|x86.Build.0 = Release|Any CPU
		{D5050917-DAB9-47EC-9787-4DE0E439B2CC}.Debug|Any CPU.ActiveCfg = Debug|Any CPU
		{D5050917-DAB9-47EC-9787-4DE0E439B2CC}.Debug|Any CPU.Build.0 = Debug|Any CPU
		{D5050917-DAB9-47EC-9787-4DE0E439B2CC}.Debug|x64.ActiveCfg = Debug|Any CPU
		{D5050917-DAB9-47EC-9787-4DE0E439B2CC}.Debug|x64.Build.0 = Debug|Any CPU
		{D5050917-DAB9-47EC-9787-4DE0E439B2CC}.Debug|x86.ActiveCfg = Debug|Any CPU
		{D5050917-DAB9-47EC-9787-4DE0E439B2CC}.Debug|x86.Build.0 = Debug|Any CPU
		{D5050917-DAB9-47EC-9787-4DE0E439B2CC}.Release|Any CPU.ActiveCfg = Release|Any CPU
		{D5050917-DAB9-47EC-9787-4DE0E439B2CC}.Release|Any CPU.Build.0 = Release|Any CPU
		{D5050917-DAB9-47EC-9787-4DE0E439B2CC}.Release|x64.ActiveCfg = Release|Any CPU
		{D5050917-DAB9-47EC-9787-4DE0E439B2CC}.Release|x64.Build.0 = Release|Any CPU
		{D5050917-DAB9-47EC-9787-4DE0E439B2CC}.Release|x86.ActiveCfg = Release|Any CPU
		{D5050917-DAB9-47EC-9787-4DE0E439B2CC}.Release|x86.Build.0 = Release|Any CPU
		{EE347046-9E73-4766-B373-98D5BD527973}.Debug|Any CPU.ActiveCfg = Debug|Any CPU
		{EE347046-9E73-4766-B373-98D5BD527973}.Debug|Any CPU.Build.0 = Debug|Any CPU
		{EE347046-9E73-4766-B373-98D5BD527973}.Debug|x64.ActiveCfg = Debug|Any CPU
		{EE347046-9E73-4766-B373-98D5BD527973}.Debug|x64.Build.0 = Debug|Any CPU
		{EE347046-9E73-4766-B373-98D5BD527973}.Debug|x86.ActiveCfg = Debug|Any CPU
		{EE347046-9E73-4766-B373-98D5BD527973}.Debug|x86.Build.0 = Debug|Any CPU
		{EE347046-9E73-4766-B373-98D5BD527973}.Release|Any CPU.ActiveCfg = Release|Any CPU
		{EE347046-9E73-4766-B373-98D5BD527973}.Release|Any CPU.Build.0 = Release|Any CPU
		{EE347046-9E73-4766-B373-98D5BD527973}.Release|x64.ActiveCfg = Release|Any CPU
		{EE347046-9E73-4766-B373-98D5BD527973}.Release|x64.Build.0 = Release|Any CPU
		{EE347046-9E73-4766-B373-98D5BD527973}.Release|x86.ActiveCfg = Release|Any CPU
		{EE347046-9E73-4766-B373-98D5BD527973}.Release|x86.Build.0 = Release|Any CPU
	EndGlobalSection
	GlobalSection(NestedProjects) = preSolution
		{29CD1F1C-5E4B-4DA5-BA08-7782F2109661} = {0E9029D9-D4E2-4205-BB79-D7512CC8F587}
		{83D7217F-5A19-41F6-A77F-17D64B4BC3F9} = {0E9029D9-D4E2-4205-BB79-D7512CC8F587}
		{D5050917-DAB9-47EC-9787-4DE0E439B2CC} = {0E9029D9-D4E2-4205-BB79-D7512CC8F587}
		{EE347046-9E73-4766-B373-98D5BD527973} = {0E9029D9-D4E2-4205-BB79-D7512CC8F587}
	EndGlobalSection
EndGlobal
