
Microsoft Visual Studio Solution File, Format Version 12.00
# Visual Studio Version 17
VisualStudioVersion = 17.2.32630.192
MinimumVisualStudioVersion = 10.0.40219.1
Project("{FAE04EC0-301F-11D3-BF4B-00C04F79EFBC}") = "R5T.D0115.A001", "R5T.D0115.A001\R5T.D0115.A001.csproj", "{4EBF4538-1F1C-4E56-AED9-DBD74D447A0A}"
EndProject
Project("{FAE04EC0-301F-11D3-BF4B-00C04F79EFBC}") = "R5T.D0115.I001", "R5T.D0115.I001\R5T.D0115.I001.csproj", "{7676CF77-A010-4121-80C1-0986C7FD646C}"
EndProject
Project("{FAE04EC0-301F-11D3-BF4B-00C04F79EFBC}") = "R5T.D0115.Base", "R5T.D0115.Base\R5T.D0115.Base.csproj", "{9D010A29-77E0-406B-8BD9-EE425C9AADA8}"
EndProject
Project("{2150E333-8FDC-42A3-9474-1A3956D46DE8}") = "_Dependencies", "_Dependencies", "{7548E214-17D0-4479-99FA-0B6525D51A3F}"
EndProject
Project("{FAE04EC0-301F-11D3-BF4B-00C04F79EFBC}") = "R5T.Dacia.Extensions", "..\..\R5T.Dacia.Extensions\source\R5T.Dacia.Extensions\R5T.Dacia.Extensions.csproj", "{14B10EAF-20B1-4355-862C-3166E806494A}"
EndProject
Project("{FAE04EC0-301F-11D3-BF4B-00C04F79EFBC}") = "R5T.Dacia.T002", "..\..\R5T.Dacia\source\R5T.Dacia.T002\R5T.Dacia.T002.csproj", "{DFD7DC42-BC2C-4D42-A5D5-A4935FE1EFD6}"
EndProject
Project("{9A19103F-16F7-4668-BE54-9A1E7A4F7556}") = "R5T.D0115.X001", "R5T.D0115.X001\R5T.D0115.X001.csproj", "{693FAB5B-87D6-49BA-9C64-C8CC4E73A559}"
EndProject
Project("{9A19103F-16F7-4668-BE54-9A1E7A4F7556}") = "R5T.Dacia", "..\..\R5T.Dacia\source\R5T.Dacia\R5T.Dacia.csproj", "{D57A85B6-3510-4527-98E8-580337A55B3B}"
EndProject
Project("{9A19103F-16F7-4668-BE54-9A1E7A4F7556}") = "R5T.L0013", "..\..\R5T.L0013\source\R5T.L0013\R5T.L0013.csproj", "{6ED379DB-46B3-47A5-95AC-5618D03ABE01}"
EndProject
Project("{9A19103F-16F7-4668-BE54-9A1E7A4F7556}") = "R5T.Magyar.T002.X000", "..\..\R5T.Magyar\source\R5T.Magyar.T002.X000\R5T.Magyar.T002.X000.csproj", "{40D03D9C-A1F7-4788-B956-9DEF1F9E315A}"
EndProject
Project("{9A19103F-16F7-4668-BE54-9A1E7A4F7556}") = "R5T.Magyar.T002", "..\..\R5T.Magyar\source\R5T.Magyar.T002\R5T.Magyar.T002.csproj", "{36CC3E54-EF11-41E3-BFF2-E4BC392A3063}"
EndProject
Project("{9A19103F-16F7-4668-BE54-9A1E7A4F7556}") = "R5T.Magyar", "..\..\R5T.Magyar\source\R5T.Magyar\R5T.Magyar.csproj", "{4E50234D-0800-422F-A543-FBE57C10F27B}"
EndProject
Project("{9A19103F-16F7-4668-BE54-9A1E7A4F7556}") = "R5T.T0021.X003", "..\..\R5T.T0021\source\R5T.T0021.X003\R5T.T0021.X003.csproj", "{2DCA5D32-8111-4015-9059-B8EB3F9E778A}"
EndProject
Project("{9A19103F-16F7-4668-BE54-9A1E7A4F7556}") = "R5T.T0021", "..\..\R5T.T0021\source\R5T.T0021\R5T.T0021.csproj", "{A45561AC-8B30-42D5-BD55-861759733067}"
EndProject
Project("{9A19103F-16F7-4668-BE54-9A1E7A4F7556}") = "R5T.T0039.T002", "..\..\R5T.T0039\source\R5T.T0039.T002\R5T.T0039.T002.csproj", "{555B2407-3C56-4F9B-A176-3FE740791BA0}"
EndProject
Project("{9A19103F-16F7-4668-BE54-9A1E7A4F7556}") = "R5T.T0041.X001", "..\..\R5T.T0041\source\R5T.T0041.X001\R5T.T0041.X001.csproj", "{DDE5B6B5-4568-4E2A-B832-81967B99DE9C}"
EndProject
Project("{9A19103F-16F7-4668-BE54-9A1E7A4F7556}") = "R5T.T0041.X002", "..\..\R5T.T0041\source\R5T.T0041.X002\R5T.T0041.X002.csproj", "{2F701CD7-3B9B-49BA-9451-3F609F88A4E0}"
EndProject
Project("{9A19103F-16F7-4668-BE54-9A1E7A4F7556}") = "R5T.T0041", "..\..\R5T.T0041\source\R5T.T0041\R5T.T0041.csproj", "{2D1DA672-0B25-4AD4-8267-C0FAFB3015CA}"
EndProject
Project("{9A19103F-16F7-4668-BE54-9A1E7A4F7556}") = "R5T.T0042.X001", "..\..\R5T.T0042\source\R5T.T0042.X001\R5T.T0042.X001.csproj", "{07A950A2-7F46-454E-9CD7-2CDF891B660A}"
EndProject
Project("{9A19103F-16F7-4668-BE54-9A1E7A4F7556}") = "R5T.T0042", "..\..\R5T.T0042\source\R5T.T0042\R5T.T0042.csproj", "{C2E653A0-F356-4835-9CBF-ED1F83E3F32B}"
EndProject
Project("{9A19103F-16F7-4668-BE54-9A1E7A4F7556}") = "R5T.T0062.X001", "..\..\R5T.T0062\source\R5T.T0062.X001\R5T.T0062.X001.csproj", "{8099446C-1562-423B-BB95-228F428AD3EE}"
EndProject
Project("{9A19103F-16F7-4668-BE54-9A1E7A4F7556}") = "R5T.T0062", "..\..\R5T.T0062\source\R5T.T0062\R5T.T0062.csproj", "{4F2FAF2C-52DC-45BE-87C8-053D0B508FEC}"
EndProject
Project("{9A19103F-16F7-4668-BE54-9A1E7A4F7556}") = "R5T.T0063", "..\..\R5T.T0063\source\R5T.T0063\R5T.T0063.csproj", "{25D0F19B-04F0-480E-AC44-CA05C7B9C60E}"
EndProject
Project("{9A19103F-16F7-4668-BE54-9A1E7A4F7556}") = "R5T.T0064", "..\..\R5T.T0064\source\R5T.T0064\R5T.T0064.csproj", "{71DC6E78-C1B8-46D0-91E0-B4D1E36D50F5}"
EndProject
Project("{9A19103F-16F7-4668-BE54-9A1E7A4F7556}") = "R5T.T0143", "..\..\R5T.T0143\source\R5T.T0143\R5T.T0143.csproj", "{B433C1C2-6B95-4F56-8A82-40FA9C217949}"
EndProject
Global
	GlobalSection(NestedProjects) = preSolution
		{14B10EAF-20B1-4355-862C-3166E806494A} = {7548E214-17D0-4479-99FA-0B6525D51A3F}
		{DFD7DC42-BC2C-4D42-A5D5-A4935FE1EFD6} = {7548E214-17D0-4479-99FA-0B6525D51A3F}
		{693FAB5B-87D6-49BA-9C64-C8CC4E73A559} = {7548E214-17D0-4479-99FA-0B6525D51A3F}
		{D57A85B6-3510-4527-98E8-580337A55B3B} = {7548E214-17D0-4479-99FA-0B6525D51A3F}
		{6ED379DB-46B3-47A5-95AC-5618D03ABE01} = {7548E214-17D0-4479-99FA-0B6525D51A3F}
		{40D03D9C-A1F7-4788-B956-9DEF1F9E315A} = {7548E214-17D0-4479-99FA-0B6525D51A3F}
		{36CC3E54-EF11-41E3-BFF2-E4BC392A3063} = {7548E214-17D0-4479-99FA-0B6525D51A3F}
		{4E50234D-0800-422F-A543-FBE57C10F27B} = {7548E214-17D0-4479-99FA-0B6525D51A3F}
		{2DCA5D32-8111-4015-9059-B8EB3F9E778A} = {7548E214-17D0-4479-99FA-0B6525D51A3F}
		{A45561AC-8B30-42D5-BD55-861759733067} = {7548E214-17D0-4479-99FA-0B6525D51A3F}
		{555B2407-3C56-4F9B-A176-3FE740791BA0} = {7548E214-17D0-4479-99FA-0B6525D51A3F}
		{DDE5B6B5-4568-4E2A-B832-81967B99DE9C} = {7548E214-17D0-4479-99FA-0B6525D51A3F}
		{2F701CD7-3B9B-49BA-9451-3F609F88A4E0} = {7548E214-17D0-4479-99FA-0B6525D51A3F}
		{2D1DA672-0B25-4AD4-8267-C0FAFB3015CA} = {7548E214-17D0-4479-99FA-0B6525D51A3F}
		{07A950A2-7F46-454E-9CD7-2CDF891B660A} = {7548E214-17D0-4479-99FA-0B6525D51A3F}
		{C2E653A0-F356-4835-9CBF-ED1F83E3F32B} = {7548E214-17D0-4479-99FA-0B6525D51A3F}
		{8099446C-1562-423B-BB95-228F428AD3EE} = {7548E214-17D0-4479-99FA-0B6525D51A3F}
		{4F2FAF2C-52DC-45BE-87C8-053D0B508FEC} = {7548E214-17D0-4479-99FA-0B6525D51A3F}
		{25D0F19B-04F0-480E-AC44-CA05C7B9C60E} = {7548E214-17D0-4479-99FA-0B6525D51A3F}
		{71DC6E78-C1B8-46D0-91E0-B4D1E36D50F5} = {7548E214-17D0-4479-99FA-0B6525D51A3F}
		{B433C1C2-6B95-4F56-8A82-40FA9C217949} = {7548E214-17D0-4479-99FA-0B6525D51A3F}
	EndGlobalSection
	GlobalSection(SolutionConfigurationPlatforms) = preSolution
		Debug|Any CPU = Debug|Any CPU
		Debug|x64 = Debug|x64
		Debug|x86 = Debug|x86
		Release|Any CPU = Release|Any CPU
		Release|x64 = Release|x64
		Release|x86 = Release|x86
	EndGlobalSection
	GlobalSection(ProjectConfigurationPlatforms) = postSolution
		{4EBF4538-1F1C-4E56-AED9-DBD74D447A0A}.Debug|Any CPU.ActiveCfg = Debug|Any CPU
		{4EBF4538-1F1C-4E56-AED9-DBD74D447A0A}.Debug|Any CPU.Build.0 = Debug|Any CPU
		{4EBF4538-1F1C-4E56-AED9-DBD74D447A0A}.Debug|x64.ActiveCfg = Debug|Any CPU
		{4EBF4538-1F1C-4E56-AED9-DBD74D447A0A}.Debug|x64.Build.0 = Debug|Any CPU
		{4EBF4538-1F1C-4E56-AED9-DBD74D447A0A}.Debug|x86.ActiveCfg = Debug|Any CPU
		{4EBF4538-1F1C-4E56-AED9-DBD74D447A0A}.Debug|x86.Build.0 = Debug|Any CPU
		{4EBF4538-1F1C-4E56-AED9-DBD74D447A0A}.Release|Any CPU.ActiveCfg = Release|Any CPU
		{4EBF4538-1F1C-4E56-AED9-DBD74D447A0A}.Release|Any CPU.Build.0 = Release|Any CPU
		{4EBF4538-1F1C-4E56-AED9-DBD74D447A0A}.Release|x64.ActiveCfg = Release|Any CPU
		{4EBF4538-1F1C-4E56-AED9-DBD74D447A0A}.Release|x64.Build.0 = Release|Any CPU
		{4EBF4538-1F1C-4E56-AED9-DBD74D447A0A}.Release|x86.ActiveCfg = Release|Any CPU
		{4EBF4538-1F1C-4E56-AED9-DBD74D447A0A}.Release|x86.Build.0 = Release|Any CPU
		{7676CF77-A010-4121-80C1-0986C7FD646C}.Debug|Any CPU.ActiveCfg = Debug|Any CPU
		{7676CF77-A010-4121-80C1-0986C7FD646C}.Debug|Any CPU.Build.0 = Debug|Any CPU
		{7676CF77-A010-4121-80C1-0986C7FD646C}.Debug|x64.ActiveCfg = Debug|Any CPU
		{7676CF77-A010-4121-80C1-0986C7FD646C}.Debug|x64.Build.0 = Debug|Any CPU
		{7676CF77-A010-4121-80C1-0986C7FD646C}.Debug|x86.ActiveCfg = Debug|Any CPU
		{7676CF77-A010-4121-80C1-0986C7FD646C}.Debug|x86.Build.0 = Debug|Any CPU
		{7676CF77-A010-4121-80C1-0986C7FD646C}.Release|Any CPU.ActiveCfg = Release|Any CPU
		{7676CF77-A010-4121-80C1-0986C7FD646C}.Release|Any CPU.Build.0 = Release|Any CPU
		{7676CF77-A010-4121-80C1-0986C7FD646C}.Release|x64.ActiveCfg = Release|Any CPU
		{7676CF77-A010-4121-80C1-0986C7FD646C}.Release|x64.Build.0 = Release|Any CPU
		{7676CF77-A010-4121-80C1-0986C7FD646C}.Release|x86.ActiveCfg = Release|Any CPU
		{7676CF77-A010-4121-80C1-0986C7FD646C}.Release|x86.Build.0 = Release|Any CPU
		{9D010A29-77E0-406B-8BD9-EE425C9AADA8}.Debug|Any CPU.ActiveCfg = Debug|Any CPU
		{9D010A29-77E0-406B-8BD9-EE425C9AADA8}.Debug|Any CPU.Build.0 = Debug|Any CPU
		{9D010A29-77E0-406B-8BD9-EE425C9AADA8}.Debug|x64.ActiveCfg = Debug|Any CPU
		{9D010A29-77E0-406B-8BD9-EE425C9AADA8}.Debug|x64.Build.0 = Debug|Any CPU
		{9D010A29-77E0-406B-8BD9-EE425C9AADA8}.Debug|x86.ActiveCfg = Debug|Any CPU
		{9D010A29-77E0-406B-8BD9-EE425C9AADA8}.Debug|x86.Build.0 = Debug|Any CPU
		{9D010A29-77E0-406B-8BD9-EE425C9AADA8}.Release|Any CPU.ActiveCfg = Release|Any CPU
		{9D010A29-77E0-406B-8BD9-EE425C9AADA8}.Release|Any CPU.Build.0 = Release|Any CPU
		{9D010A29-77E0-406B-8BD9-EE425C9AADA8}.Release|x64.ActiveCfg = Release|Any CPU
		{9D010A29-77E0-406B-8BD9-EE425C9AADA8}.Release|x64.Build.0 = Release|Any CPU
		{9D010A29-77E0-406B-8BD9-EE425C9AADA8}.Release|x86.ActiveCfg = Release|Any CPU
		{9D010A29-77E0-406B-8BD9-EE425C9AADA8}.Release|x86.Build.0 = Release|Any CPU
		{14B10EAF-20B1-4355-862C-3166E806494A}.Debug|Any CPU.ActiveCfg = Debug|Any CPU
		{14B10EAF-20B1-4355-862C-3166E806494A}.Debug|Any CPU.Build.0 = Debug|Any CPU
		{14B10EAF-20B1-4355-862C-3166E806494A}.Debug|x64.ActiveCfg = Debug|Any CPU
		{14B10EAF-20B1-4355-862C-3166E806494A}.Debug|x64.Build.0 = Debug|Any CPU
		{14B10EAF-20B1-4355-862C-3166E806494A}.Debug|x86.ActiveCfg = Debug|Any CPU
		{14B10EAF-20B1-4355-862C-3166E806494A}.Debug|x86.Build.0 = Debug|Any CPU
		{14B10EAF-20B1-4355-862C-3166E806494A}.Release|Any CPU.ActiveCfg = Release|Any CPU
		{14B10EAF-20B1-4355-862C-3166E806494A}.Release|Any CPU.Build.0 = Release|Any CPU
		{14B10EAF-20B1-4355-862C-3166E806494A}.Release|x64.ActiveCfg = Release|Any CPU
		{14B10EAF-20B1-4355-862C-3166E806494A}.Release|x64.Build.0 = Release|Any CPU
		{14B10EAF-20B1-4355-862C-3166E806494A}.Release|x86.ActiveCfg = Release|Any CPU
		{14B10EAF-20B1-4355-862C-3166E806494A}.Release|x86.Build.0 = Release|Any CPU
		{DFD7DC42-BC2C-4D42-A5D5-A4935FE1EFD6}.Debug|Any CPU.ActiveCfg = Debug|Any CPU
		{DFD7DC42-BC2C-4D42-A5D5-A4935FE1EFD6}.Debug|Any CPU.Build.0 = Debug|Any CPU
		{DFD7DC42-BC2C-4D42-A5D5-A4935FE1EFD6}.Debug|x64.ActiveCfg = Debug|Any CPU
		{DFD7DC42-BC2C-4D42-A5D5-A4935FE1EFD6}.Debug|x64.Build.0 = Debug|Any CPU
		{DFD7DC42-BC2C-4D42-A5D5-A4935FE1EFD6}.Debug|x86.ActiveCfg = Debug|Any CPU
		{DFD7DC42-BC2C-4D42-A5D5-A4935FE1EFD6}.Debug|x86.Build.0 = Debug|Any CPU
		{DFD7DC42-BC2C-4D42-A5D5-A4935FE1EFD6}.Release|Any CPU.ActiveCfg = Release|Any CPU
		{DFD7DC42-BC2C-4D42-A5D5-A4935FE1EFD6}.Release|Any CPU.Build.0 = Release|Any CPU
		{DFD7DC42-BC2C-4D42-A5D5-A4935FE1EFD6}.Release|x64.ActiveCfg = Release|Any CPU
		{DFD7DC42-BC2C-4D42-A5D5-A4935FE1EFD6}.Release|x64.Build.0 = Release|Any CPU
		{DFD7DC42-BC2C-4D42-A5D5-A4935FE1EFD6}.Release|x86.ActiveCfg = Release|Any CPU
		{DFD7DC42-BC2C-4D42-A5D5-A4935FE1EFD6}.Release|x86.Build.0 = Release|Any CPU
		{693FAB5B-87D6-49BA-9C64-C8CC4E73A559}.Debug|Any CPU.ActiveCfg = Debug|Any CPU
		{693FAB5B-87D6-49BA-9C64-C8CC4E73A559}.Debug|Any CPU.Build.0 = Debug|Any CPU
		{693FAB5B-87D6-49BA-9C64-C8CC4E73A559}.Debug|x64.ActiveCfg = Debug|Any CPU
		{693FAB5B-87D6-49BA-9C64-C8CC4E73A559}.Debug|x64.Build.0 = Debug|Any CPU
		{693FAB5B-87D6-49BA-9C64-C8CC4E73A559}.Debug|x86.ActiveCfg = Debug|Any CPU
		{693FAB5B-87D6-49BA-9C64-C8CC4E73A559}.Debug|x86.Build.0 = Debug|Any CPU
		{693FAB5B-87D6-49BA-9C64-C8CC4E73A559}.Release|Any CPU.ActiveCfg = Release|Any CPU
		{693FAB5B-87D6-49BA-9C64-C8CC4E73A559}.Release|Any CPU.Build.0 = Release|Any CPU
		{693FAB5B-87D6-49BA-9C64-C8CC4E73A559}.Release|x64.ActiveCfg = Release|Any CPU
		{693FAB5B-87D6-49BA-9C64-C8CC4E73A559}.Release|x64.Build.0 = Release|Any CPU
		{693FAB5B-87D6-49BA-9C64-C8CC4E73A559}.Release|x86.ActiveCfg = Release|Any CPU
		{693FAB5B-87D6-49BA-9C64-C8CC4E73A559}.Release|x86.Build.0 = Release|Any CPU
		{D57A85B6-3510-4527-98E8-580337A55B3B}.Debug|Any CPU.ActiveCfg = Debug|Any CPU
		{D57A85B6-3510-4527-98E8-580337A55B3B}.Debug|Any CPU.Build.0 = Debug|Any CPU
		{D57A85B6-3510-4527-98E8-580337A55B3B}.Debug|x64.ActiveCfg = Debug|Any CPU
		{D57A85B6-3510-4527-98E8-580337A55B3B}.Debug|x64.Build.0 = Debug|Any CPU
		{D57A85B6-3510-4527-98E8-580337A55B3B}.Debug|x86.ActiveCfg = Debug|Any CPU
		{D57A85B6-3510-4527-98E8-580337A55B3B}.Debug|x86.Build.0 = Debug|Any CPU
		{D57A85B6-3510-4527-98E8-580337A55B3B}.Release|Any CPU.ActiveCfg = Release|Any CPU
		{D57A85B6-3510-4527-98E8-580337A55B3B}.Release|Any CPU.Build.0 = Release|Any CPU
		{D57A85B6-3510-4527-98E8-580337A55B3B}.Release|x64.ActiveCfg = Release|Any CPU
		{D57A85B6-3510-4527-98E8-580337A55B3B}.Release|x64.Build.0 = Release|Any CPU
		{D57A85B6-3510-4527-98E8-580337A55B3B}.Release|x86.ActiveCfg = Release|Any CPU
		{D57A85B6-3510-4527-98E8-580337A55B3B}.Release|x86.Build.0 = Release|Any CPU
		{6ED379DB-46B3-47A5-95AC-5618D03ABE01}.Debug|Any CPU.ActiveCfg = Debug|Any CPU
		{6ED379DB-46B3-47A5-95AC-5618D03ABE01}.Debug|Any CPU.Build.0 = Debug|Any CPU
		{6ED379DB-46B3-47A5-95AC-5618D03ABE01}.Debug|x64.ActiveCfg = Debug|Any CPU
		{6ED379DB-46B3-47A5-95AC-5618D03ABE01}.Debug|x64.Build.0 = Debug|Any CPU
		{6ED379DB-46B3-47A5-95AC-5618D03ABE01}.Debug|x86.ActiveCfg = Debug|Any CPU
		{6ED379DB-46B3-47A5-95AC-5618D03ABE01}.Debug|x86.Build.0 = Debug|Any CPU
		{6ED379DB-46B3-47A5-95AC-5618D03ABE01}.Release|Any CPU.ActiveCfg = Release|Any CPU
		{6ED379DB-46B3-47A5-95AC-5618D03ABE01}.Release|Any CPU.Build.0 = Release|Any CPU
		{6ED379DB-46B3-47A5-95AC-5618D03ABE01}.Release|x64.ActiveCfg = Release|Any CPU
		{6ED379DB-46B3-47A5-95AC-5618D03ABE01}.Release|x64.Build.0 = Release|Any CPU
		{6ED379DB-46B3-47A5-95AC-5618D03ABE01}.Release|x86.ActiveCfg = Release|Any CPU
		{6ED379DB-46B3-47A5-95AC-5618D03ABE01}.Release|x86.Build.0 = Release|Any CPU
		{40D03D9C-A1F7-4788-B956-9DEF1F9E315A}.Debug|Any CPU.ActiveCfg = Debug|Any CPU
		{40D03D9C-A1F7-4788-B956-9DEF1F9E315A}.Debug|Any CPU.Build.0 = Debug|Any CPU
		{40D03D9C-A1F7-4788-B956-9DEF1F9E315A}.Debug|x64.ActiveCfg = Debug|Any CPU
		{40D03D9C-A1F7-4788-B956-9DEF1F9E315A}.Debug|x64.Build.0 = Debug|Any CPU
		{40D03D9C-A1F7-4788-B956-9DEF1F9E315A}.Debug|x86.ActiveCfg = Debug|Any CPU
		{40D03D9C-A1F7-4788-B956-9DEF1F9E315A}.Debug|x86.Build.0 = Debug|Any CPU
		{40D03D9C-A1F7-4788-B956-9DEF1F9E315A}.Release|Any CPU.ActiveCfg = Release|Any CPU
		{40D03D9C-A1F7-4788-B956-9DEF1F9E315A}.Release|Any CPU.Build.0 = Release|Any CPU
		{40D03D9C-A1F7-4788-B956-9DEF1F9E315A}.Release|x64.ActiveCfg = Release|Any CPU
		{40D03D9C-A1F7-4788-B956-9DEF1F9E315A}.Release|x64.Build.0 = Release|Any CPU
		{40D03D9C-A1F7-4788-B956-9DEF1F9E315A}.Release|x86.ActiveCfg = Release|Any CPU
		{40D03D9C-A1F7-4788-B956-9DEF1F9E315A}.Release|x86.Build.0 = Release|Any CPU
		{36CC3E54-EF11-41E3-BFF2-E4BC392A3063}.Debug|Any CPU.ActiveCfg = Debug|Any CPU
		{36CC3E54-EF11-41E3-BFF2-E4BC392A3063}.Debug|Any CPU.Build.0 = Debug|Any CPU
		{36CC3E54-EF11-41E3-BFF2-E4BC392A3063}.Debug|x64.ActiveCfg = Debug|Any CPU
		{36CC3E54-EF11-41E3-BFF2-E4BC392A3063}.Debug|x64.Build.0 = Debug|Any CPU
		{36CC3E54-EF11-41E3-BFF2-E4BC392A3063}.Debug|x86.ActiveCfg = Debug|Any CPU
		{36CC3E54-EF11-41E3-BFF2-E4BC392A3063}.Debug|x86.Build.0 = Debug|Any CPU
		{36CC3E54-EF11-41E3-BFF2-E4BC392A3063}.Release|Any CPU.ActiveCfg = Release|Any CPU
		{36CC3E54-EF11-41E3-BFF2-E4BC392A3063}.Release|Any CPU.Build.0 = Release|Any CPU
		{36CC3E54-EF11-41E3-BFF2-E4BC392A3063}.Release|x64.ActiveCfg = Release|Any CPU
		{36CC3E54-EF11-41E3-BFF2-E4BC392A3063}.Release|x64.Build.0 = Release|Any CPU
		{36CC3E54-EF11-41E3-BFF2-E4BC392A3063}.Release|x86.ActiveCfg = Release|Any CPU
		{36CC3E54-EF11-41E3-BFF2-E4BC392A3063}.Release|x86.Build.0 = Release|Any CPU
		{4E50234D-0800-422F-A543-FBE57C10F27B}.Debug|Any CPU.ActiveCfg = Debug|Any CPU
		{4E50234D-0800-422F-A543-FBE57C10F27B}.Debug|Any CPU.Build.0 = Debug|Any CPU
		{4E50234D-0800-422F-A543-FBE57C10F27B}.Debug|x64.ActiveCfg = Debug|Any CPU
		{4E50234D-0800-422F-A543-FBE57C10F27B}.Debug|x64.Build.0 = Debug|Any CPU
		{4E50234D-0800-422F-A543-FBE57C10F27B}.Debug|x86.ActiveCfg = Debug|Any CPU
		{4E50234D-0800-422F-A543-FBE57C10F27B}.Debug|x86.Build.0 = Debug|Any CPU
		{4E50234D-0800-422F-A543-FBE57C10F27B}.Release|Any CPU.ActiveCfg = Release|Any CPU
		{4E50234D-0800-422F-A543-FBE57C10F27B}.Release|Any CPU.Build.0 = Release|Any CPU
		{4E50234D-0800-422F-A543-FBE57C10F27B}.Release|x64.ActiveCfg = Release|Any CPU
		{4E50234D-0800-422F-A543-FBE57C10F27B}.Release|x64.Build.0 = Release|Any CPU
		{4E50234D-0800-422F-A543-FBE57C10F27B}.Release|x86.ActiveCfg = Release|Any CPU
		{4E50234D-0800-422F-A543-FBE57C10F27B}.Release|x86.Build.0 = Release|Any CPU
		{2DCA5D32-8111-4015-9059-B8EB3F9E778A}.Debug|Any CPU.ActiveCfg = Debug|Any CPU
		{2DCA5D32-8111-4015-9059-B8EB3F9E778A}.Debug|Any CPU.Build.0 = Debug|Any CPU
		{2DCA5D32-8111-4015-9059-B8EB3F9E778A}.Debug|x64.ActiveCfg = Debug|Any CPU
		{2DCA5D32-8111-4015-9059-B8EB3F9E778A}.Debug|x64.Build.0 = Debug|Any CPU
		{2DCA5D32-8111-4015-9059-B8EB3F9E778A}.Debug|x86.ActiveCfg = Debug|Any CPU
		{2DCA5D32-8111-4015-9059-B8EB3F9E778A}.Debug|x86.Build.0 = Debug|Any CPU
		{2DCA5D32-8111-4015-9059-B8EB3F9E778A}.Release|Any CPU.ActiveCfg = Release|Any CPU
		{2DCA5D32-8111-4015-9059-B8EB3F9E778A}.Release|Any CPU.Build.0 = Release|Any CPU
		{2DCA5D32-8111-4015-9059-B8EB3F9E778A}.Release|x64.ActiveCfg = Release|Any CPU
		{2DCA5D32-8111-4015-9059-B8EB3F9E778A}.Release|x64.Build.0 = Release|Any CPU
		{2DCA5D32-8111-4015-9059-B8EB3F9E778A}.Release|x86.ActiveCfg = Release|Any CPU
		{2DCA5D32-8111-4015-9059-B8EB3F9E778A}.Release|x86.Build.0 = Release|Any CPU
		{A45561AC-8B30-42D5-BD55-861759733067}.Debug|Any CPU.ActiveCfg = Debug|Any CPU
		{A45561AC-8B30-42D5-BD55-861759733067}.Debug|Any CPU.Build.0 = Debug|Any CPU
		{A45561AC-8B30-42D5-BD55-861759733067}.Debug|x64.ActiveCfg = Debug|Any CPU
		{A45561AC-8B30-42D5-BD55-861759733067}.Debug|x64.Build.0 = Debug|Any CPU
		{A45561AC-8B30-42D5-BD55-861759733067}.Debug|x86.ActiveCfg = Debug|Any CPU
		{A45561AC-8B30-42D5-BD55-861759733067}.Debug|x86.Build.0 = Debug|Any CPU
		{A45561AC-8B30-42D5-BD55-861759733067}.Release|Any CPU.ActiveCfg = Release|Any CPU
		{A45561AC-8B30-42D5-BD55-861759733067}.Release|Any CPU.Build.0 = Release|Any CPU
		{A45561AC-8B30-42D5-BD55-861759733067}.Release|x64.ActiveCfg = Release|Any CPU
		{A45561AC-8B30-42D5-BD55-861759733067}.Release|x64.Build.0 = Release|Any CPU
		{A45561AC-8B30-42D5-BD55-861759733067}.Release|x86.ActiveCfg = Release|Any CPU
		{A45561AC-8B30-42D5-BD55-861759733067}.Release|x86.Build.0 = Release|Any CPU
		{555B2407-3C56-4F9B-A176-3FE740791BA0}.Debug|Any CPU.ActiveCfg = Debug|Any CPU
		{555B2407-3C56-4F9B-A176-3FE740791BA0}.Debug|Any CPU.Build.0 = Debug|Any CPU
		{555B2407-3C56-4F9B-A176-3FE740791BA0}.Debug|x64.ActiveCfg = Debug|Any CPU
		{555B2407-3C56-4F9B-A176-3FE740791BA0}.Debug|x64.Build.0 = Debug|Any CPU
		{555B2407-3C56-4F9B-A176-3FE740791BA0}.Debug|x86.ActiveCfg = Debug|Any CPU
		{555B2407-3C56-4F9B-A176-3FE740791BA0}.Debug|x86.Build.0 = Debug|Any CPU
		{555B2407-3C56-4F9B-A176-3FE740791BA0}.Release|Any CPU.ActiveCfg = Release|Any CPU
		{555B2407-3C56-4F9B-A176-3FE740791BA0}.Release|Any CPU.Build.0 = Release|Any CPU
		{555B2407-3C56-4F9B-A176-3FE740791BA0}.Release|x64.ActiveCfg = Release|Any CPU
		{555B2407-3C56-4F9B-A176-3FE740791BA0}.Release|x64.Build.0 = Release|Any CPU
		{555B2407-3C56-4F9B-A176-3FE740791BA0}.Release|x86.ActiveCfg = Release|Any CPU
		{555B2407-3C56-4F9B-A176-3FE740791BA0}.Release|x86.Build.0 = Release|Any CPU
		{DDE5B6B5-4568-4E2A-B832-81967B99DE9C}.Debug|Any CPU.ActiveCfg = Debug|Any CPU
		{DDE5B6B5-4568-4E2A-B832-81967B99DE9C}.Debug|Any CPU.Build.0 = Debug|Any CPU
		{DDE5B6B5-4568-4E2A-B832-81967B99DE9C}.Debug|x64.ActiveCfg = Debug|Any CPU
		{DDE5B6B5-4568-4E2A-B832-81967B99DE9C}.Debug|x64.Build.0 = Debug|Any CPU
		{DDE5B6B5-4568-4E2A-B832-81967B99DE9C}.Debug|x86.ActiveCfg = Debug|Any CPU
		{DDE5B6B5-4568-4E2A-B832-81967B99DE9C}.Debug|x86.Build.0 = Debug|Any CPU
		{DDE5B6B5-4568-4E2A-B832-81967B99DE9C}.Release|Any CPU.ActiveCfg = Release|Any CPU
		{DDE5B6B5-4568-4E2A-B832-81967B99DE9C}.Release|Any CPU.Build.0 = Release|Any CPU
		{DDE5B6B5-4568-4E2A-B832-81967B99DE9C}.Release|x64.ActiveCfg = Release|Any CPU
		{DDE5B6B5-4568-4E2A-B832-81967B99DE9C}.Release|x64.Build.0 = Release|Any CPU
		{DDE5B6B5-4568-4E2A-B832-81967B99DE9C}.Release|x86.ActiveCfg = Release|Any CPU
		{DDE5B6B5-4568-4E2A-B832-81967B99DE9C}.Release|x86.Build.0 = Release|Any CPU
		{2F701CD7-3B9B-49BA-9451-3F609F88A4E0}.Debug|Any CPU.ActiveCfg = Debug|Any CPU
		{2F701CD7-3B9B-49BA-9451-3F609F88A4E0}.Debug|Any CPU.Build.0 = Debug|Any CPU
		{2F701CD7-3B9B-49BA-9451-3F609F88A4E0}.Debug|x64.ActiveCfg = Debug|Any CPU
		{2F701CD7-3B9B-49BA-9451-3F609F88A4E0}.Debug|x64.Build.0 = Debug|Any CPU
		{2F701CD7-3B9B-49BA-9451-3F609F88A4E0}.Debug|x86.ActiveCfg = Debug|Any CPU
		{2F701CD7-3B9B-49BA-9451-3F609F88A4E0}.Debug|x86.Build.0 = Debug|Any CPU
		{2F701CD7-3B9B-49BA-9451-3F609F88A4E0}.Release|Any CPU.ActiveCfg = Release|Any CPU
		{2F701CD7-3B9B-49BA-9451-3F609F88A4E0}.Release|Any CPU.Build.0 = Release|Any CPU
		{2F701CD7-3B9B-49BA-9451-3F609F88A4E0}.Release|x64.ActiveCfg = Release|Any CPU
		{2F701CD7-3B9B-49BA-9451-3F609F88A4E0}.Release|x64.Build.0 = Release|Any CPU
		{2F701CD7-3B9B-49BA-9451-3F609F88A4E0}.Release|x86.ActiveCfg = Release|Any CPU
		{2F701CD7-3B9B-49BA-9451-3F609F88A4E0}.Release|x86.Build.0 = Release|Any CPU
		{2D1DA672-0B25-4AD4-8267-C0FAFB3015CA}.Debug|Any CPU.ActiveCfg = Debug|Any CPU
		{2D1DA672-0B25-4AD4-8267-C0FAFB3015CA}.Debug|Any CPU.Build.0 = Debug|Any CPU
		{2D1DA672-0B25-4AD4-8267-C0FAFB3015CA}.Debug|x64.ActiveCfg = Debug|Any CPU
		{2D1DA672-0B25-4AD4-8267-C0FAFB3015CA}.Debug|x64.Build.0 = Debug|Any CPU
		{2D1DA672-0B25-4AD4-8267-C0FAFB3015CA}.Debug|x86.ActiveCfg = Debug|Any CPU
		{2D1DA672-0B25-4AD4-8267-C0FAFB3015CA}.Debug|x86.Build.0 = Debug|Any CPU
		{2D1DA672-0B25-4AD4-8267-C0FAFB3015CA}.Release|Any CPU.ActiveCfg = Release|Any CPU
		{2D1DA672-0B25-4AD4-8267-C0FAFB3015CA}.Release|Any CPU.Build.0 = Release|Any CPU
		{2D1DA672-0B25-4AD4-8267-C0FAFB3015CA}.Release|x64.ActiveCfg = Release|Any CPU
		{2D1DA672-0B25-4AD4-8267-C0FAFB3015CA}.Release|x64.Build.0 = Release|Any CPU
		{2D1DA672-0B25-4AD4-8267-C0FAFB3015CA}.Release|x86.ActiveCfg = Release|Any CPU
		{2D1DA672-0B25-4AD4-8267-C0FAFB3015CA}.Release|x86.Build.0 = Release|Any CPU
		{07A950A2-7F46-454E-9CD7-2CDF891B660A}.Debug|Any CPU.ActiveCfg = Debug|Any CPU
		{07A950A2-7F46-454E-9CD7-2CDF891B660A}.Debug|Any CPU.Build.0 = Debug|Any CPU
		{07A950A2-7F46-454E-9CD7-2CDF891B660A}.Debug|x64.ActiveCfg = Debug|Any CPU
		{07A950A2-7F46-454E-9CD7-2CDF891B660A}.Debug|x64.Build.0 = Debug|Any CPU
		{07A950A2-7F46-454E-9CD7-2CDF891B660A}.Debug|x86.ActiveCfg = Debug|Any CPU
		{07A950A2-7F46-454E-9CD7-2CDF891B660A}.Debug|x86.Build.0 = Debug|Any CPU
		{07A950A2-7F46-454E-9CD7-2CDF891B660A}.Release|Any CPU.ActiveCfg = Release|Any CPU
		{07A950A2-7F46-454E-9CD7-2CDF891B660A}.Release|Any CPU.Build.0 = Release|Any CPU
		{07A950A2-7F46-454E-9CD7-2CDF891B660A}.Release|x64.ActiveCfg = Release|Any CPU
		{07A950A2-7F46-454E-9CD7-2CDF891B660A}.Release|x64.Build.0 = Release|Any CPU
		{07A950A2-7F46-454E-9CD7-2CDF891B660A}.Release|x86.ActiveCfg = Release|Any CPU
		{07A950A2-7F46-454E-9CD7-2CDF891B660A}.Release|x86.Build.0 = Release|Any CPU
		{C2E653A0-F356-4835-9CBF-ED1F83E3F32B}.Debug|Any CPU.ActiveCfg = Debug|Any CPU
		{C2E653A0-F356-4835-9CBF-ED1F83E3F32B}.Debug|Any CPU.Build.0 = Debug|Any CPU
		{C2E653A0-F356-4835-9CBF-ED1F83E3F32B}.Debug|x64.ActiveCfg = Debug|Any CPU
		{C2E653A0-F356-4835-9CBF-ED1F83E3F32B}.Debug|x64.Build.0 = Debug|Any CPU
		{C2E653A0-F356-4835-9CBF-ED1F83E3F32B}.Debug|x86.ActiveCfg = Debug|Any CPU
		{C2E653A0-F356-4835-9CBF-ED1F83E3F32B}.Debug|x86.Build.0 = Debug|Any CPU
		{C2E653A0-F356-4835-9CBF-ED1F83E3F32B}.Release|Any CPU.ActiveCfg = Release|Any CPU
		{C2E653A0-F356-4835-9CBF-ED1F83E3F32B}.Release|Any CPU.Build.0 = Release|Any CPU
		{C2E653A0-F356-4835-9CBF-ED1F83E3F32B}.Release|x64.ActiveCfg = Release|Any CPU
		{C2E653A0-F356-4835-9CBF-ED1F83E3F32B}.Release|x64.Build.0 = Release|Any CPU
		{C2E653A0-F356-4835-9CBF-ED1F83E3F32B}.Release|x86.ActiveCfg = Release|Any CPU
		{C2E653A0-F356-4835-9CBF-ED1F83E3F32B}.Release|x86.Build.0 = Release|Any CPU
		{8099446C-1562-423B-BB95-228F428AD3EE}.Debug|Any CPU.ActiveCfg = Debug|Any CPU
		{8099446C-1562-423B-BB95-228F428AD3EE}.Debug|Any CPU.Build.0 = Debug|Any CPU
		{8099446C-1562-423B-BB95-228F428AD3EE}.Debug|x64.ActiveCfg = Debug|Any CPU
		{8099446C-1562-423B-BB95-228F428AD3EE}.Debug|x64.Build.0 = Debug|Any CPU
		{8099446C-1562-423B-BB95-228F428AD3EE}.Debug|x86.ActiveCfg = Debug|Any CPU
		{8099446C-1562-423B-BB95-228F428AD3EE}.Debug|x86.Build.0 = Debug|Any CPU
		{8099446C-1562-423B-BB95-228F428AD3EE}.Release|Any CPU.ActiveCfg = Release|Any CPU
		{8099446C-1562-423B-BB95-228F428AD3EE}.Release|Any CPU.Build.0 = Release|Any CPU
		{8099446C-1562-423B-BB95-228F428AD3EE}.Release|x64.ActiveCfg = Release|Any CPU
		{8099446C-1562-423B-BB95-228F428AD3EE}.Release|x64.Build.0 = Release|Any CPU
		{8099446C-1562-423B-BB95-228F428AD3EE}.Release|x86.ActiveCfg = Release|Any CPU
		{8099446C-1562-423B-BB95-228F428AD3EE}.Release|x86.Build.0 = Release|Any CPU
		{4F2FAF2C-52DC-45BE-87C8-053D0B508FEC}.Debug|Any CPU.ActiveCfg = Debug|Any CPU
		{4F2FAF2C-52DC-45BE-87C8-053D0B508FEC}.Debug|Any CPU.Build.0 = Debug|Any CPU
		{4F2FAF2C-52DC-45BE-87C8-053D0B508FEC}.Debug|x64.ActiveCfg = Debug|Any CPU
		{4F2FAF2C-52DC-45BE-87C8-053D0B508FEC}.Debug|x64.Build.0 = Debug|Any CPU
		{4F2FAF2C-52DC-45BE-87C8-053D0B508FEC}.Debug|x86.ActiveCfg = Debug|Any CPU
		{4F2FAF2C-52DC-45BE-87C8-053D0B508FEC}.Debug|x86.Build.0 = Debug|Any CPU
		{4F2FAF2C-52DC-45BE-87C8-053D0B508FEC}.Release|Any CPU.ActiveCfg = Release|Any CPU
		{4F2FAF2C-52DC-45BE-87C8-053D0B508FEC}.Release|Any CPU.Build.0 = Release|Any CPU
		{4F2FAF2C-52DC-45BE-87C8-053D0B508FEC}.Release|x64.ActiveCfg = Release|Any CPU
		{4F2FAF2C-52DC-45BE-87C8-053D0B508FEC}.Release|x64.Build.0 = Release|Any CPU
		{4F2FAF2C-52DC-45BE-87C8-053D0B508FEC}.Release|x86.ActiveCfg = Release|Any CPU
		{4F2FAF2C-52DC-45BE-87C8-053D0B508FEC}.Release|x86.Build.0 = Release|Any CPU
		{25D0F19B-04F0-480E-AC44-CA05C7B9C60E}.Debug|Any CPU.ActiveCfg = Debug|Any CPU
		{25D0F19B-04F0-480E-AC44-CA05C7B9C60E}.Debug|Any CPU.Build.0 = Debug|Any CPU
		{25D0F19B-04F0-480E-AC44-CA05C7B9C60E}.Debug|x64.ActiveCfg = Debug|Any CPU
		{25D0F19B-04F0-480E-AC44-CA05C7B9C60E}.Debug|x64.Build.0 = Debug|Any CPU
		{25D0F19B-04F0-480E-AC44-CA05C7B9C60E}.Debug|x86.ActiveCfg = Debug|Any CPU
		{25D0F19B-04F0-480E-AC44-CA05C7B9C60E}.Debug|x86.Build.0 = Debug|Any CPU
		{25D0F19B-04F0-480E-AC44-CA05C7B9C60E}.Release|Any CPU.ActiveCfg = Release|Any CPU
		{25D0F19B-04F0-480E-AC44-CA05C7B9C60E}.Release|Any CPU.Build.0 = Release|Any CPU
		{25D0F19B-04F0-480E-AC44-CA05C7B9C60E}.Release|x64.ActiveCfg = Release|Any CPU
		{25D0F19B-04F0-480E-AC44-CA05C7B9C60E}.Release|x64.Build.0 = Release|Any CPU
		{25D0F19B-04F0-480E-AC44-CA05C7B9C60E}.Release|x86.ActiveCfg = Release|Any CPU
		{25D0F19B-04F0-480E-AC44-CA05C7B9C60E}.Release|x86.Build.0 = Release|Any CPU
		{71DC6E78-C1B8-46D0-91E0-B4D1E36D50F5}.Debug|Any CPU.ActiveCfg = Debug|Any CPU
		{71DC6E78-C1B8-46D0-91E0-B4D1E36D50F5}.Debug|Any CPU.Build.0 = Debug|Any CPU
		{71DC6E78-C1B8-46D0-91E0-B4D1E36D50F5}.Debug|x64.ActiveCfg = Debug|Any CPU
		{71DC6E78-C1B8-46D0-91E0-B4D1E36D50F5}.Debug|x64.Build.0 = Debug|Any CPU
		{71DC6E78-C1B8-46D0-91E0-B4D1E36D50F5}.Debug|x86.ActiveCfg = Debug|Any CPU
		{71DC6E78-C1B8-46D0-91E0-B4D1E36D50F5}.Debug|x86.Build.0 = Debug|Any CPU
		{71DC6E78-C1B8-46D0-91E0-B4D1E36D50F5}.Release|Any CPU.ActiveCfg = Release|Any CPU
		{71DC6E78-C1B8-46D0-91E0-B4D1E36D50F5}.Release|Any CPU.Build.0 = Release|Any CPU
		{71DC6E78-C1B8-46D0-91E0-B4D1E36D50F5}.Release|x64.ActiveCfg = Release|Any CPU
		{71DC6E78-C1B8-46D0-91E0-B4D1E36D50F5}.Release|x64.Build.0 = Release|Any CPU
		{71DC6E78-C1B8-46D0-91E0-B4D1E36D50F5}.Release|x86.ActiveCfg = Release|Any CPU
		{71DC6E78-C1B8-46D0-91E0-B4D1E36D50F5}.Release|x86.Build.0 = Release|Any CPU
		{B433C1C2-6B95-4F56-8A82-40FA9C217949}.Debug|Any CPU.ActiveCfg = Debug|Any CPU
		{B433C1C2-6B95-4F56-8A82-40FA9C217949}.Debug|Any CPU.Build.0 = Debug|Any CPU
		{B433C1C2-6B95-4F56-8A82-40FA9C217949}.Debug|x64.ActiveCfg = Debug|Any CPU
		{B433C1C2-6B95-4F56-8A82-40FA9C217949}.Debug|x64.Build.0 = Debug|Any CPU
		{B433C1C2-6B95-4F56-8A82-40FA9C217949}.Debug|x86.ActiveCfg = Debug|Any CPU
		{B433C1C2-6B95-4F56-8A82-40FA9C217949}.Debug|x86.Build.0 = Debug|Any CPU
		{B433C1C2-6B95-4F56-8A82-40FA9C217949}.Release|Any CPU.ActiveCfg = Release|Any CPU
		{B433C1C2-6B95-4F56-8A82-40FA9C217949}.Release|Any CPU.Build.0 = Release|Any CPU
		{B433C1C2-6B95-4F56-8A82-40FA9C217949}.Release|x64.ActiveCfg = Release|Any CPU
		{B433C1C2-6B95-4F56-8A82-40FA9C217949}.Release|x64.Build.0 = Release|Any CPU
		{B433C1C2-6B95-4F56-8A82-40FA9C217949}.Release|x86.ActiveCfg = Release|Any CPU
		{B433C1C2-6B95-4F56-8A82-40FA9C217949}.Release|x86.Build.0 = Release|Any CPU
	EndGlobalSection
	GlobalSection(SolutionProperties) = preSolution
		HideSolutionNode = FALSE
	EndGlobalSection
EndGlobal
