
Microsoft Visual Studio Solution File, Format Version 12.00
# Visual Studio Version 16
VisualStudioVersion = 16.0.30114.105
MinimumVisualStudioVersion = 10.0.40219.1
Project("{FAE04EC0-301F-11D3-BF4B-00C04F79EFBC}") = "R5T.D0115.A001", "R5T.D0115.A001\R5T.D0115.A001.csproj", "{4EBF4538-1F1C-4E56-AED9-DBD74D447A0A}"
EndProject
Project("{FAE04EC0-301F-11D3-BF4B-00C04F79EFBC}") = "R5T.D0115.I001", "R5T.D0115.I001\R5T.D0115.I001.csproj", "{7676CF77-A010-4121-80C1-0986C7FD646C}"
EndProject
Project("{FAE04EC0-301F-11D3-BF4B-00C04F79EFBC}") = "R5T.D0115.Base", "R5T.D0115.Base\R5T.D0115.Base.csproj", "{9D010A29-77E0-406B-8BD9-EE425C9AADA8}"
EndProject
Project("{2150E333-8FDC-42A3-9474-1A3956D46DE8}") = "_Dependencies", "_Dependencies", "{7548E214-17D0-4479-99FA-0B6525D51A3F}"
EndProject
Project("{FAE04EC0-301F-11D3-BF4B-00C04F79EFBC}") = "R5T.Dacia.Extensions", "..\..\R5T.Dacia.Extensions\source\R5T.Dacia.Extensions\R5T.Dacia.Extensions.csproj", "{14B10EAF-20B1-4355-862C-3166E806494A}"
EndProject
Project("{FAE04EC0-301F-11D3-BF4B-00C04F79EFBC}") = "R5T.Dacia.T002", "..\..\R5T.Dacia\source\R5T.Dacia.T002\R5T.Dacia.T002.csproj", "{DFD7DC42-BC2C-4D42-A5D5-A4935FE1EFD6}"
EndProject
Global
	GlobalSection(SolutionConfigurationPlatforms) = preSolution
		Debug|Any CPU = Debug|Any CPU
		Debug|x64 = Debug|x64
		Debug|x86 = Debug|x86
		Release|Any CPU = Release|Any CPU
		Release|x64 = Release|x64
		Release|x86 = Release|x86
	EndGlobalSection
	GlobalSection(SolutionProperties) = preSolution
		HideSolutionNode = FALSE
	EndGlobalSection
	GlobalSection(ProjectConfigurationPlatforms) = postSolution
		{4EBF4538-1F1C-4E56-AED9-DBD74D447A0A}.Debug|Any CPU.ActiveCfg = Debug|Any CPU
		{4EBF4538-1F1C-4E56-AED9-DBD74D447A0A}.Debug|Any CPU.Build.0 = Debug|Any CPU
		{4EBF4538-1F1C-4E56-AED9-DBD74D447A0A}.Debug|x64.ActiveCfg = Debug|Any CPU
		{4EBF4538-1F1C-4E56-AED9-DBD74D447A0A}.Debug|x64.Build.0 = Debug|Any CPU
		{4EBF4538-1F1C-4E56-AED9-DBD74D447A0A}.Debug|x86.ActiveCfg = Debug|Any CPU
		{4EBF4538-1F1C-4E56-AED9-DBD74D447A0A}.Debug|x86.Build.0 = Debug|Any CPU
		{4EBF4538-1F1C-4E56-AED9-DBD74D447A0A}.Release|Any CPU.ActiveCfg = Release|Any CPU
		{4EBF4538-1F1C-4E56-AED9-DBD74D447A0A}.Release|Any CPU.Build.0 = Release|Any CPU
		{4EBF4538-1F1C-4E56-AED9-DBD74D447A0A}.Release|x64.ActiveCfg = Release|Any CPU
		{4EBF4538-1F1C-4E56-AED9-DBD74D447A0A}.Release|x64.Build.0 = Release|Any CPU
		{4EBF4538-1F1C-4E56-AED9-DBD74D447A0A}.Release|x86.ActiveCfg = Release|Any CPU
		{4EBF4538-1F1C-4E56-AED9-DBD74D447A0A}.Release|x86.Build.0 = Release|Any CPU
		{7676CF77-A010-4121-80C1-0986C7FD646C}.Debug|Any CPU.ActiveCfg = Debug|Any CPU
		{7676CF77-A010-4121-80C1-0986C7FD646C}.Debug|Any CPU.Build.0 = Debug|Any CPU
		{7676CF77-A010-4121-80C1-0986C7FD646C}.Debug|x64.ActiveCfg = Debug|Any CPU
		{7676CF77-A010-4121-80C1-0986C7FD646C}.Debug|x64.Build.0 = Debug|Any CPU
		{7676CF77-A010-4121-80C1-0986C7FD646C}.Debug|x86.ActiveCfg = Debug|Any CPU
		{7676CF77-A010-4121-80C1-0986C7FD646C}.Debug|x86.Build.0 = Debug|Any CPU
		{7676CF77-A010-4121-80C1-0986C7FD646C}.Release|Any CPU.ActiveCfg = Release|Any CPU
		{7676CF77-A010-4121-80C1-0986C7FD646C}.Release|Any CPU.Build.0 = Release|Any CPU
		{7676CF77-A010-4121-80C1-0986C7FD646C}.Release|x64.ActiveCfg = Release|Any CPU
		{7676CF77-A010-4121-80C1-0986C7FD646C}.Release|x64.Build.0 = Release|Any CPU
		{7676CF77-A010-4121-80C1-0986C7FD646C}.Release|x86.ActiveCfg = Release|Any CPU
		{7676CF77-A010-4121-80C1-0986C7FD646C}.Release|x86.Build.0 = Release|Any CPU
		{9D010A29-77E0-406B-8BD9-EE425C9AADA8}.Debug|Any CPU.ActiveCfg = Debug|Any CPU
		{9D010A29-77E0-406B-8BD9-EE425C9AADA8}.Debug|Any CPU.Build.0 = Debug|Any CPU
		{9D010A29-77E0-406B-8BD9-EE425C9AADA8}.Debug|x64.ActiveCfg = Debug|Any CPU
		{9D010A29-77E0-406B-8BD9-EE425C9AADA8}.Debug|x64.Build.0 = Debug|Any CPU
		{9D010A29-77E0-406B-8BD9-EE425C9AADA8}.Debug|x86.ActiveCfg = Debug|Any CPU
		{9D010A29-77E0-406B-8BD9-EE425C9AADA8}.Debug|x86.Build.0 = Debug|Any CPU
		{9D010A29-77E0-406B-8BD9-EE425C9AADA8}.Release|Any CPU.ActiveCfg = Release|Any CPU
		{9D010A29-77E0-406B-8BD9-EE425C9AADA8}.Release|Any CPU.Build.0 = Release|Any CPU
		{9D010A29-77E0-406B-8BD9-EE425C9AADA8}.Release|x64.ActiveCfg = Release|Any CPU
		{9D010A29-77E0-406B-8BD9-EE425C9AADA8}.Release|x64.Build.0 = Release|Any CPU
		{9D010A29-77E0-406B-8BD9-EE425C9AADA8}.Release|x86.ActiveCfg = Release|Any CPU
		{9D010A29-77E0-406B-8BD9-EE425C9AADA8}.Release|x86.Build.0 = Release|Any CPU
		{14B10EAF-20B1-4355-862C-3166E806494A}.Debug|Any CPU.ActiveCfg = Debug|Any CPU
		{14B10EAF-20B1-4355-862C-3166E806494A}.Debug|Any CPU.Build.0 = Debug|Any CPU
		{14B10EAF-20B1-4355-862C-3166E806494A}.Debug|x64.ActiveCfg = Debug|Any CPU
		{14B10EAF-20B1-4355-862C-3166E806494A}.Debug|x64.Build.0 = Debug|Any CPU
		{14B10EAF-20B1-4355-862C-3166E806494A}.Debug|x86.ActiveCfg = Debug|Any CPU
		{14B10EAF-20B1-4355-862C-3166E806494A}.Debug|x86.Build.0 = Debug|Any CPU
		{14B10EAF-20B1-4355-862C-3166E806494A}.Release|Any CPU.ActiveCfg = Release|Any CPU
		{14B10EAF-20B1-4355-862C-3166E806494A}.Release|Any CPU.Build.0 = Release|Any CPU
		{14B10EAF-20B1-4355-862C-3166E806494A}.Release|x64.ActiveCfg = Release|Any CPU
		{14B10EAF-20B1-4355-862C-3166E806494A}.Release|x64.Build.0 = Release|Any CPU
		{14B10EAF-20B1-4355-862C-3166E806494A}.Release|x86.ActiveCfg = Release|Any CPU
		{14B10EAF-20B1-4355-862C-3166E806494A}.Release|x86.Build.0 = Release|Any CPU
		{DFD7DC42-BC2C-4D42-A5D5-A4935FE1EFD6}.Debug|Any CPU.ActiveCfg = Debug|Any CPU
		{DFD7DC42-BC2C-4D42-A5D5-A4935FE1EFD6}.Debug|Any CPU.Build.0 = Debug|Any CPU
		{DFD7DC42-BC2C-4D42-A5D5-A4935FE1EFD6}.Debug|x64.ActiveCfg = Debug|Any CPU
		{DFD7DC42-BC2C-4D42-A5D5-A4935FE1EFD6}.Debug|x64.Build.0 = Debug|Any CPU
		{DFD7DC42-BC2C-4D42-A5D5-A4935FE1EFD6}.Debug|x86.ActiveCfg = Debug|Any CPU
		{DFD7DC42-BC2C-4D42-A5D5-A4935FE1EFD6}.Debug|x86.Build.0 = Debug|Any CPU
		{DFD7DC42-BC2C-4D42-A5D5-A4935FE1EFD6}.Release|Any CPU.ActiveCfg = Release|Any CPU
		{DFD7DC42-BC2C-4D42-A5D5-A4935FE1EFD6}.Release|Any CPU.Build.0 = Release|Any CPU
		{DFD7DC42-BC2C-4D42-A5D5-A4935FE1EFD6}.Release|x64.ActiveCfg = Release|Any CPU
		{DFD7DC42-BC2C-4D42-A5D5-A4935FE1EFD6}.Release|x64.Build.0 = Release|Any CPU
		{DFD7DC42-BC2C-4D42-A5D5-A4935FE1EFD6}.Release|x86.ActiveCfg = Release|Any CPU
		{DFD7DC42-BC2C-4D42-A5D5-A4935FE1EFD6}.Release|x86.Build.0 = Release|Any CPU
	EndGlobalSection
	GlobalSection(NestedProjects) = preSolution
		{14B10EAF-20B1-4355-862C-3166E806494A} = {7548E214-17D0-4479-99FA-0B6525D51A3F}
		{DFD7DC42-BC2C-4D42-A5D5-A4935FE1EFD6} = {7548E214-17D0-4479-99FA-0B6525D51A3F}
	EndGlobalSection
EndGlobal
