
Microsoft Visual Studio Solution File, Format Version 12.00
# Visual Studio Version 16
VisualStudioVersion = 16.0.30114.105
MinimumVisualStudioVersion = 10.0.40219.1
Project("{9A19103F-16F7-4668-BE54-9A1E7A4F7556}") = "R5T.D0115.Base", "R5T.D0115.Base\R5T.D0115.Base.csproj", "{15FE8BBD-A53A-4B62-8084-18D67EFD75DA}"
EndProject
Project("{2150E333-8FDC-42A3-9474-1A3956D46DE8}") = "_Dependencies", "_Dependencies", "{0D0C1FB3-6A3B-4C8B-B9A7-07BB80DEEDF4}"
EndProject
Project("{9A19103F-16F7-4668-BE54-9A1E7A4F7556}") = "R5T.D0115.I001", "R5T.D0115.I001\R5T.D0115.I001.csproj", "{EF6A3F6E-D154-4CDA-8282-84394993AC6A}"
EndProject
Project("{9A19103F-16F7-4668-BE54-9A1E7A4F7556}") = "R5T.T0064", "..\..\R5T.T0064\source\R5T.T0064\R5T.T0064.csproj", "{9C34F97F-28F8-4438-A723-E96B6C7831D8}"
EndProject
Project("{9A19103F-16F7-4668-BE54-9A1E7A4F7556}") = "R5T.T0062.X001", "..\..\R5T.T0062\source\R5T.T0062.X001\R5T.T0062.X001.csproj", "{A579D43E-55C9-4BE2-9A2C-158DDDE4E4DE}"
EndProject
Project("{9A19103F-16F7-4668-BE54-9A1E7A4F7556}") = "R5T.T0041.X002", "..\..\R5T.T0041\source\R5T.T0041.X002\R5T.T0041.X002.csproj", "{41C23DA7-CCEE-48BC-9C7D-AEE55D89F3FF}"
EndProject
Project("{9A19103F-16F7-4668-BE54-9A1E7A4F7556}") = "R5T.D0115.V001", "R5T.D0115.V001\R5T.D0115.V001.csproj", "{569F747A-287A-418E-89E9-060E0B5465C5}"
EndProject
Project("{9A19103F-16F7-4668-BE54-9A1E7A4F7556}") = "R5T.L0020", "..\..\R5T.L0020\source\R5T.L0020\R5T.L0020.csproj", "{0D7EA4BF-16AC-450B-BA7D-29CCCE124BF5}"
EndProject
Project("{9A19103F-16F7-4668-BE54-9A1E7A4F7556}") = "R5T.T0021.X0002.X002", "..\..\R5T.T0021.X0002\source\R5T.T0021.X0002.X002\R5T.T0021.X0002.X002.csproj", "{7F97E2CA-2C3E-4988-82AA-DCFC05C30891}"
EndProject
Project("{9A19103F-16F7-4668-BE54-9A1E7A4F7556}") = "R5T.T0118", "..\..\R5T.T0118\source\R5T.T0118\R5T.T0118.csproj", "{4244D7B1-9D90-48AB-B156-5AC79AA19D92}"
EndProject
Project("{9A19103F-16F7-4668-BE54-9A1E7A4F7556}") = "R5T.T0119.X001", "..\..\R5T.T0119\source\R5T.T0119.X001\R5T.T0119.X001.csproj", "{11B15EB3-F1B9-4CAA-A0A2-E4694B94E878}"
EndProject
Project("{9A19103F-16F7-4668-BE54-9A1E7A4F7556}") = "R5T.T0120.X002", "..\..\R5T.T0120\source\R5T.T0120.X002\R5T.T0120.X002.csproj", "{BBAC2DC8-0D7A-4603-B58A-7405F248C846}"
EndProject
Project("{9A19103F-16F7-4668-BE54-9A1E7A4F7556}") = "R5T.Magyar.T002", "..\..\R5T.Magyar\source\R5T.Magyar.T002\R5T.Magyar.T002.csproj", "{D13A173E-4B0C-4DD2-9DF9-30496EE5E75D}"
EndProject
Project("{9A19103F-16F7-4668-BE54-9A1E7A4F7556}") = "R5T.T0039.T002", "..\..\R5T.T0039\source\R5T.T0039.T002\R5T.T0039.T002.csproj", "{9E36D9D9-D770-495A-9717-288FA415860F}"
EndProject
Project("{9A19103F-16F7-4668-BE54-9A1E7A4F7556}") = "R5T.T0042.X001", "..\..\R5T.T0042\source\R5T.T0042.X001\R5T.T0042.X001.csproj", "{9FADCA8C-7124-40C8-85B9-270BDA42FA34}"
EndProject
Project("{9A19103F-16F7-4668-BE54-9A1E7A4F7556}") = "R5T.Magyar", "..\..\R5T.Magyar\source\R5T.Magyar\R5T.Magyar.csproj", "{F2F806D2-4419-45EC-91E9-A161E1B45058}"
EndProject
Project("{9A19103F-16F7-4668-BE54-9A1E7A4F7556}") = "R5T.T0042", "..\..\R5T.T0042\source\R5T.T0042\R5T.T0042.csproj", "{7784A8CF-F5D1-48F9-A0B9-5B1DA5D41B49}"
EndProject
Project("{9A19103F-16F7-4668-BE54-9A1E7A4F7556}") = "R5T.T0041.X001", "..\..\R5T.T0041\source\R5T.T0041.X001\R5T.T0041.X001.csproj", "{29F1C462-609B-45B2-A907-D6895E818DB5}"
EndProject
Project("{9A19103F-16F7-4668-BE54-9A1E7A4F7556}") = "R5T.T0041", "..\..\R5T.T0041\source\R5T.T0041\R5T.T0041.csproj", "{27325F74-6EE1-4299-A689-E378DCEB220F}"
EndProject
Project("{9A19103F-16F7-4668-BE54-9A1E7A4F7556}") = "R5T.T0063", "..\..\R5T.T0063\source\R5T.T0063\R5T.T0063.csproj", "{DB448121-27E1-468F-80B8-D66B64A8FF45}"
EndProject
Project("{9A19103F-16F7-4668-BE54-9A1E7A4F7556}") = "R5T.L0013", "..\..\R5T.L0013\source\R5T.L0013\R5T.L0013.csproj", "{3F267C9F-63CC-425D-852D-A8BED59DADBC}"
EndProject
Project("{9A19103F-16F7-4668-BE54-9A1E7A4F7556}") = "R5T.T0062", "..\..\R5T.T0062\source\R5T.T0062\R5T.T0062.csproj", "{F7A3AF0C-686E-4F6C-9CEF-1E69A139D370}"
EndProject
Project("{9A19103F-16F7-4668-BE54-9A1E7A4F7556}") = "R5T.T0119", "..\..\R5T.T0119\source\R5T.T0119\R5T.T0119.csproj", "{70614C8C-F857-423E-A70C-84D2442C05D3}"
EndProject
Project("{9A19103F-16F7-4668-BE54-9A1E7A4F7556}") = "R5T.T0120", "..\..\R5T.T0120\source\R5T.T0120\R5T.T0120.csproj", "{8EEC600A-62E8-4820-B541-C7C669742CCA}"
EndProject
Project("{9A19103F-16F7-4668-BE54-9A1E7A4F7556}") = "R5T.T0021.X0002", "..\..\R5T.T0021.X0002\source\R5T.T0021.X0002\R5T.T0021.X0002.csproj", "{9B2E6C5F-91DC-4A73-9B82-310ADD9837E8}"
EndProject
Project("{9A19103F-16F7-4668-BE54-9A1E7A4F7556}") = "R5T.T0021", "..\..\R5T.T0021\source\R5T.T0021\R5T.T0021.csproj", "{B3D40C54-E159-47C1-AF75-6659CE029129}"
EndProject
Project("{9A19103F-16F7-4668-BE54-9A1E7A4F7556}") = "R5T.D0115.I001.V001", "R5T.D0115.I001.V001\R5T.D0115.I001.V001.csproj", "{D8D32BBA-FBAF-4468-B024-1813682C221F}"
EndProject
Project("{9A19103F-16F7-4668-BE54-9A1E7A4F7556}") = "R5T.D0114.X001", "..\..\R5T.D0114\source\R5T.D0114.X001\R5T.D0114.X001.csproj", "{038A6B8B-EDBF-4FC1-9BD4-D3D649D95B5A}"
EndProject
Project("{9A19103F-16F7-4668-BE54-9A1E7A4F7556}") = "R5T.T0061.X002", "..\..\R5T.T0061\source\R5T.T0061.X002\R5T.T0061.X002.csproj", "{0094A420-22CD-4A88-95EF-62169655CA5F}"
EndProject
Project("{FAE04EC0-301F-11D3-BF4B-00C04F79EFBC}") = "R5T.D0115.X001", "R5T.D0115.X001\R5T.D0115.X001.csproj", "{EFD6A70C-8846-41EC-826C-78735B370BFD}"
EndProject
Project("{9A19103F-16F7-4668-BE54-9A1E7A4F7556}") = "R5T.Magyar.T002.X000", "..\..\R5T.Magyar\source\R5T.Magyar.T002.X000\R5T.Magyar.T002.X000.csproj", "{411C5CD3-37E1-456A-81DD-43116737ACF9}"
EndProject
Project("{9A19103F-16F7-4668-BE54-9A1E7A4F7556}") = "R5T.T0021.X003", "..\..\R5T.T0021\source\R5T.T0021.X003\R5T.T0021.X003.csproj", "{C3AF47DC-BD20-4CDC-9163-209A91DE02B3}"
EndProject
Project("{9A19103F-16F7-4668-BE54-9A1E7A4F7556}") = "R5T.T0067.X001", "..\..\R5T.T0067\source\R5T.T0067.X001\R5T.T0067.X001.csproj", "{37657BBD-6B2D-4514-9491-CA5DDC47E641}"
EndProject
Project("{9A19103F-16F7-4668-BE54-9A1E7A4F7556}") = "R5T.T0067", "..\..\R5T.T0067\source\R5T.T0067\R5T.T0067.csproj", "{A99E2A84-A36F-420E-87D6-D3FCC6D0E894}"
EndProject
Project("{9A19103F-16F7-4668-BE54-9A1E7A4F7556}") = "R5T.T0072", "..\..\R5T.T0072\source\R5T.T0072\R5T.T0072.csproj", "{CE2BC2DB-CAAE-441E-83DC-E209D3125A00}"
EndProject
Project("{9A19103F-16F7-4668-BE54-9A1E7A4F7556}") = "R5T.D0114.Base", "..\..\R5T.D0114\source\R5T.D0114.Base\R5T.D0114.Base.csproj", "{A410E93B-BD36-4BF3-B7DE-8A05C47EAED5}"
EndProject
Project("{9A19103F-16F7-4668-BE54-9A1E7A4F7556}") = "R5T.T0079", "..\..\R5T.T0079\source\R5T.T0079\R5T.T0079.csproj", "{B6607232-6674-435F-AF0E-57B875D87204}"
EndProject
Project("{9A19103F-16F7-4668-BE54-9A1E7A4F7556}") = "R5T.T0061", "..\..\R5T.T0061\source\R5T.T0061\R5T.T0061.csproj", "{ED30326D-0538-4E44-84D6-37994B1C8ECD}"
EndProject
Global
	GlobalSection(SolutionConfigurationPlatforms) = preSolution
		Debug|Any CPU = Debug|Any CPU
		Debug|x64 = Debug|x64
		Debug|x86 = Debug|x86
		Release|Any CPU = Release|Any CPU
		Release|x64 = Release|x64
		Release|x86 = Release|x86
	EndGlobalSection
	GlobalSection(ProjectConfigurationPlatforms) = postSolution
		{15FE8BBD-A53A-4B62-8084-18D67EFD75DA}.Debug|Any CPU.ActiveCfg = Debug|Any CPU
		{15FE8BBD-A53A-4B62-8084-18D67EFD75DA}.Debug|Any CPU.Build.0 = Debug|Any CPU
		{15FE8BBD-A53A-4B62-8084-18D67EFD75DA}.Debug|x64.ActiveCfg = Debug|Any CPU
		{15FE8BBD-A53A-4B62-8084-18D67EFD75DA}.Debug|x64.Build.0 = Debug|Any CPU
		{15FE8BBD-A53A-4B62-8084-18D67EFD75DA}.Debug|x86.ActiveCfg = Debug|Any CPU
		{15FE8BBD-A53A-4B62-8084-18D67EFD75DA}.Debug|x86.Build.0 = Debug|Any CPU
		{15FE8BBD-A53A-4B62-8084-18D67EFD75DA}.Release|Any CPU.ActiveCfg = Release|Any CPU
		{15FE8BBD-A53A-4B62-8084-18D67EFD75DA}.Release|Any CPU.Build.0 = Release|Any CPU
		{15FE8BBD-A53A-4B62-8084-18D67EFD75DA}.Release|x64.ActiveCfg = Release|Any CPU
		{15FE8BBD-A53A-4B62-8084-18D67EFD75DA}.Release|x64.Build.0 = Release|Any CPU
		{15FE8BBD-A53A-4B62-8084-18D67EFD75DA}.Release|x86.ActiveCfg = Release|Any CPU
		{15FE8BBD-A53A-4B62-8084-18D67EFD75DA}.Release|x86.Build.0 = Release|Any CPU
		{EF6A3F6E-D154-4CDA-8282-84394993AC6A}.Debug|Any CPU.ActiveCfg = Debug|Any CPU
		{EF6A3F6E-D154-4CDA-8282-84394993AC6A}.Debug|Any CPU.Build.0 = Debug|Any CPU
		{EF6A3F6E-D154-4CDA-8282-84394993AC6A}.Debug|x64.ActiveCfg = Debug|Any CPU
		{EF6A3F6E-D154-4CDA-8282-84394993AC6A}.Debug|x64.Build.0 = Debug|Any CPU
		{EF6A3F6E-D154-4CDA-8282-84394993AC6A}.Debug|x86.ActiveCfg = Debug|Any CPU
		{EF6A3F6E-D154-4CDA-8282-84394993AC6A}.Debug|x86.Build.0 = Debug|Any CPU
		{EF6A3F6E-D154-4CDA-8282-84394993AC6A}.Release|Any CPU.ActiveCfg = Release|Any CPU
		{EF6A3F6E-D154-4CDA-8282-84394993AC6A}.Release|Any CPU.Build.0 = Release|Any CPU
		{EF6A3F6E-D154-4CDA-8282-84394993AC6A}.Release|x64.ActiveCfg = Release|Any CPU
		{EF6A3F6E-D154-4CDA-8282-84394993AC6A}.Release|x64.Build.0 = Release|Any CPU
		{EF6A3F6E-D154-4CDA-8282-84394993AC6A}.Release|x86.ActiveCfg = Release|Any CPU
		{EF6A3F6E-D154-4CDA-8282-84394993AC6A}.Release|x86.Build.0 = Release|Any CPU
		{9C34F97F-28F8-4438-A723-E96B6C7831D8}.Debug|Any CPU.ActiveCfg = Debug|Any CPU
		{9C34F97F-28F8-4438-A723-E96B6C7831D8}.Debug|Any CPU.Build.0 = Debug|Any CPU
		{9C34F97F-28F8-4438-A723-E96B6C7831D8}.Debug|x64.ActiveCfg = Debug|Any CPU
		{9C34F97F-28F8-4438-A723-E96B6C7831D8}.Debug|x64.Build.0 = Debug|Any CPU
		{9C34F97F-28F8-4438-A723-E96B6C7831D8}.Debug|x86.ActiveCfg = Debug|Any CPU
		{9C34F97F-28F8-4438-A723-E96B6C7831D8}.Debug|x86.Build.0 = Debug|Any CPU
		{9C34F97F-28F8-4438-A723-E96B6C7831D8}.Release|Any CPU.ActiveCfg = Release|Any CPU
		{9C34F97F-28F8-4438-A723-E96B6C7831D8}.Release|Any CPU.Build.0 = Release|Any CPU
		{9C34F97F-28F8-4438-A723-E96B6C7831D8}.Release|x64.ActiveCfg = Release|Any CPU
		{9C34F97F-28F8-4438-A723-E96B6C7831D8}.Release|x64.Build.0 = Release|Any CPU
		{9C34F97F-28F8-4438-A723-E96B6C7831D8}.Release|x86.ActiveCfg = Release|Any CPU
		{9C34F97F-28F8-4438-A723-E96B6C7831D8}.Release|x86.Build.0 = Release|Any CPU
		{A579D43E-55C9-4BE2-9A2C-158DDDE4E4DE}.Debug|Any CPU.ActiveCfg = Debug|Any CPU
		{A579D43E-55C9-4BE2-9A2C-158DDDE4E4DE}.Debug|Any CPU.Build.0 = Debug|Any CPU
		{A579D43E-55C9-4BE2-9A2C-158DDDE4E4DE}.Debug|x64.ActiveCfg = Debug|Any CPU
		{A579D43E-55C9-4BE2-9A2C-158DDDE4E4DE}.Debug|x64.Build.0 = Debug|Any CPU
		{A579D43E-55C9-4BE2-9A2C-158DDDE4E4DE}.Debug|x86.ActiveCfg = Debug|Any CPU
		{A579D43E-55C9-4BE2-9A2C-158DDDE4E4DE}.Debug|x86.Build.0 = Debug|Any CPU
		{A579D43E-55C9-4BE2-9A2C-158DDDE4E4DE}.Release|Any CPU.ActiveCfg = Release|Any CPU
		{A579D43E-55C9-4BE2-9A2C-158DDDE4E4DE}.Release|Any CPU.Build.0 = Release|Any CPU
		{A579D43E-55C9-4BE2-9A2C-158DDDE4E4DE}.Release|x64.ActiveCfg = Release|Any CPU
		{A579D43E-55C9-4BE2-9A2C-158DDDE4E4DE}.Release|x64.Build.0 = Release|Any CPU
		{A579D43E-55C9-4BE2-9A2C-158DDDE4E4DE}.Release|x86.ActiveCfg = Release|Any CPU
		{A579D43E-55C9-4BE2-9A2C-158DDDE4E4DE}.Release|x86.Build.0 = Release|Any CPU
		{41C23DA7-CCEE-48BC-9C7D-AEE55D89F3FF}.Debug|Any CPU.ActiveCfg = Debug|Any CPU
		{41C23DA7-CCEE-48BC-9C7D-AEE55D89F3FF}.Debug|Any CPU.Build.0 = Debug|Any CPU
		{41C23DA7-CCEE-48BC-9C7D-AEE55D89F3FF}.Debug|x64.ActiveCfg = Debug|Any CPU
		{41C23DA7-CCEE-48BC-9C7D-AEE55D89F3FF}.Debug|x64.Build.0 = Debug|Any CPU
		{41C23DA7-CCEE-48BC-9C7D-AEE55D89F3FF}.Debug|x86.ActiveCfg = Debug|Any CPU
		{41C23DA7-CCEE-48BC-9C7D-AEE55D89F3FF}.Debug|x86.Build.0 = Debug|Any CPU
		{41C23DA7-CCEE-48BC-9C7D-AEE55D89F3FF}.Release|Any CPU.ActiveCfg = Release|Any CPU
		{41C23DA7-CCEE-48BC-9C7D-AEE55D89F3FF}.Release|Any CPU.Build.0 = Release|Any CPU
		{41C23DA7-CCEE-48BC-9C7D-AEE55D89F3FF}.Release|x64.ActiveCfg = Release|Any CPU
		{41C23DA7-CCEE-48BC-9C7D-AEE55D89F3FF}.Release|x64.Build.0 = Release|Any CPU
		{41C23DA7-CCEE-48BC-9C7D-AEE55D89F3FF}.Release|x86.ActiveCfg = Release|Any CPU
		{41C23DA7-CCEE-48BC-9C7D-AEE55D89F3FF}.Release|x86.Build.0 = Release|Any CPU
		{569F747A-287A-418E-89E9-060E0B5465C5}.Debug|Any CPU.ActiveCfg = Debug|Any CPU
		{569F747A-287A-418E-89E9-060E0B5465C5}.Debug|Any CPU.Build.0 = Debug|Any CPU
		{569F747A-287A-418E-89E9-060E0B5465C5}.Debug|x64.ActiveCfg = Debug|Any CPU
		{569F747A-287A-418E-89E9-060E0B5465C5}.Debug|x64.Build.0 = Debug|Any CPU
		{569F747A-287A-418E-89E9-060E0B5465C5}.Debug|x86.ActiveCfg = Debug|Any CPU
		{569F747A-287A-418E-89E9-060E0B5465C5}.Debug|x86.Build.0 = Debug|Any CPU
		{569F747A-287A-418E-89E9-060E0B5465C5}.Release|Any CPU.ActiveCfg = Release|Any CPU
		{569F747A-287A-418E-89E9-060E0B5465C5}.Release|Any CPU.Build.0 = Release|Any CPU
		{569F747A-287A-418E-89E9-060E0B5465C5}.Release|x64.ActiveCfg = Release|Any CPU
		{569F747A-287A-418E-89E9-060E0B5465C5}.Release|x64.Build.0 = Release|Any CPU
		{569F747A-287A-418E-89E9-060E0B5465C5}.Release|x86.ActiveCfg = Release|Any CPU
		{569F747A-287A-418E-89E9-060E0B5465C5}.Release|x86.Build.0 = Release|Any CPU
		{0D7EA4BF-16AC-450B-BA7D-29CCCE124BF5}.Debug|Any CPU.ActiveCfg = Debug|Any CPU
		{0D7EA4BF-16AC-450B-BA7D-29CCCE124BF5}.Debug|Any CPU.Build.0 = Debug|Any CPU
		{0D7EA4BF-16AC-450B-BA7D-29CCCE124BF5}.Debug|x64.ActiveCfg = Debug|Any CPU
		{0D7EA4BF-16AC-450B-BA7D-29CCCE124BF5}.Debug|x64.Build.0 = Debug|Any CPU
		{0D7EA4BF-16AC-450B-BA7D-29CCCE124BF5}.Debug|x86.ActiveCfg = Debug|Any CPU
		{0D7EA4BF-16AC-450B-BA7D-29CCCE124BF5}.Debug|x86.Build.0 = Debug|Any CPU
		{0D7EA4BF-16AC-450B-BA7D-29CCCE124BF5}.Release|Any CPU.ActiveCfg = Release|Any CPU
		{0D7EA4BF-16AC-450B-BA7D-29CCCE124BF5}.Release|Any CPU.Build.0 = Release|Any CPU
		{0D7EA4BF-16AC-450B-BA7D-29CCCE124BF5}.Release|x64.ActiveCfg = Release|Any CPU
		{0D7EA4BF-16AC-450B-BA7D-29CCCE124BF5}.Release|x64.Build.0 = Release|Any CPU
		{0D7EA4BF-16AC-450B-BA7D-29CCCE124BF5}.Release|x86.ActiveCfg = Release|Any CPU
		{0D7EA4BF-16AC-450B-BA7D-29CCCE124BF5}.Release|x86.Build.0 = Release|Any CPU
		{7F97E2CA-2C3E-4988-82AA-DCFC05C30891}.Debug|Any CPU.ActiveCfg = Debug|Any CPU
		{7F97E2CA-2C3E-4988-82AA-DCFC05C30891}.Debug|Any CPU.Build.0 = Debug|Any CPU
		{7F97E2CA-2C3E-4988-82AA-DCFC05C30891}.Debug|x64.ActiveCfg = Debug|Any CPU
		{7F97E2CA-2C3E-4988-82AA-DCFC05C30891}.Debug|x64.Build.0 = Debug|Any CPU
		{7F97E2CA-2C3E-4988-82AA-DCFC05C30891}.Debug|x86.ActiveCfg = Debug|Any CPU
		{7F97E2CA-2C3E-4988-82AA-DCFC05C30891}.Debug|x86.Build.0 = Debug|Any CPU
		{7F97E2CA-2C3E-4988-82AA-DCFC05C30891}.Release|Any CPU.ActiveCfg = Release|Any CPU
		{7F97E2CA-2C3E-4988-82AA-DCFC05C30891}.Release|Any CPU.Build.0 = Release|Any CPU
		{7F97E2CA-2C3E-4988-82AA-DCFC05C30891}.Release|x64.ActiveCfg = Release|Any CPU
		{7F97E2CA-2C3E-4988-82AA-DCFC05C30891}.Release|x64.Build.0 = Release|Any CPU
		{7F97E2CA-2C3E-4988-82AA-DCFC05C30891}.Release|x86.ActiveCfg = Release|Any CPU
		{7F97E2CA-2C3E-4988-82AA-DCFC05C30891}.Release|x86.Build.0 = Release|Any CPU
		{4244D7B1-9D90-48AB-B156-5AC79AA19D92}.Debug|Any CPU.ActiveCfg = Debug|Any CPU
		{4244D7B1-9D90-48AB-B156-5AC79AA19D92}.Debug|Any CPU.Build.0 = Debug|Any CPU
		{4244D7B1-9D90-48AB-B156-5AC79AA19D92}.Debug|x64.ActiveCfg = Debug|Any CPU
		{4244D7B1-9D90-48AB-B156-5AC79AA19D92}.Debug|x64.Build.0 = Debug|Any CPU
		{4244D7B1-9D90-48AB-B156-5AC79AA19D92}.Debug|x86.ActiveCfg = Debug|Any CPU
		{4244D7B1-9D90-48AB-B156-5AC79AA19D92}.Debug|x86.Build.0 = Debug|Any CPU
		{4244D7B1-9D90-48AB-B156-5AC79AA19D92}.Release|Any CPU.ActiveCfg = Release|Any CPU
		{4244D7B1-9D90-48AB-B156-5AC79AA19D92}.Release|Any CPU.Build.0 = Release|Any CPU
		{4244D7B1-9D90-48AB-B156-5AC79AA19D92}.Release|x64.ActiveCfg = Release|Any CPU
		{4244D7B1-9D90-48AB-B156-5AC79AA19D92}.Release|x64.Build.0 = Release|Any CPU
		{4244D7B1-9D90-48AB-B156-5AC79AA19D92}.Release|x86.ActiveCfg = Release|Any CPU
		{4244D7B1-9D90-48AB-B156-5AC79AA19D92}.Release|x86.Build.0 = Release|Any CPU
		{11B15EB3-F1B9-4CAA-A0A2-E4694B94E878}.Debug|Any CPU.ActiveCfg = Debug|Any CPU
		{11B15EB3-F1B9-4CAA-A0A2-E4694B94E878}.Debug|Any CPU.Build.0 = Debug|Any CPU
		{11B15EB3-F1B9-4CAA-A0A2-E4694B94E878}.Debug|x64.ActiveCfg = Debug|Any CPU
		{11B15EB3-F1B9-4CAA-A0A2-E4694B94E878}.Debug|x64.Build.0 = Debug|Any CPU
		{11B15EB3-F1B9-4CAA-A0A2-E4694B94E878}.Debug|x86.ActiveCfg = Debug|Any CPU
		{11B15EB3-F1B9-4CAA-A0A2-E4694B94E878}.Debug|x86.Build.0 = Debug|Any CPU
		{11B15EB3-F1B9-4CAA-A0A2-E4694B94E878}.Release|Any CPU.ActiveCfg = Release|Any CPU
		{11B15EB3-F1B9-4CAA-A0A2-E4694B94E878}.Release|Any CPU.Build.0 = Release|Any CPU
		{11B15EB3-F1B9-4CAA-A0A2-E4694B94E878}.Release|x64.ActiveCfg = Release|Any CPU
		{11B15EB3-F1B9-4CAA-A0A2-E4694B94E878}.Release|x64.Build.0 = Release|Any CPU
		{11B15EB3-F1B9-4CAA-A0A2-E4694B94E878}.Release|x86.ActiveCfg = Release|Any CPU
		{11B15EB3-F1B9-4CAA-A0A2-E4694B94E878}.Release|x86.Build.0 = Release|Any CPU
		{BBAC2DC8-0D7A-4603-B58A-7405F248C846}.Debug|Any CPU.ActiveCfg = Debug|Any CPU
		{BBAC2DC8-0D7A-4603-B58A-7405F248C846}.Debug|Any CPU.Build.0 = Debug|Any CPU
		{BBAC2DC8-0D7A-4603-B58A-7405F248C846}.Debug|x64.ActiveCfg = Debug|Any CPU
		{BBAC2DC8-0D7A-4603-B58A-7405F248C846}.Debug|x64.Build.0 = Debug|Any CPU
		{BBAC2DC8-0D7A-4603-B58A-7405F248C846}.Debug|x86.ActiveCfg = Debug|Any CPU
		{BBAC2DC8-0D7A-4603-B58A-7405F248C846}.Debug|x86.Build.0 = Debug|Any CPU
		{BBAC2DC8-0D7A-4603-B58A-7405F248C846}.Release|Any CPU.ActiveCfg = Release|Any CPU
		{BBAC2DC8-0D7A-4603-B58A-7405F248C846}.Release|Any CPU.Build.0 = Release|Any CPU
		{BBAC2DC8-0D7A-4603-B58A-7405F248C846}.Release|x64.ActiveCfg = Release|Any CPU
		{BBAC2DC8-0D7A-4603-B58A-7405F248C846}.Release|x64.Build.0 = Release|Any CPU
		{BBAC2DC8-0D7A-4603-B58A-7405F248C846}.Release|x86.ActiveCfg = Release|Any CPU
		{BBAC2DC8-0D7A-4603-B58A-7405F248C846}.Release|x86.Build.0 = Release|Any CPU
		{D13A173E-4B0C-4DD2-9DF9-30496EE5E75D}.Debug|Any CPU.ActiveCfg = Debug|Any CPU
		{D13A173E-4B0C-4DD2-9DF9-30496EE5E75D}.Debug|Any CPU.Build.0 = Debug|Any CPU
		{D13A173E-4B0C-4DD2-9DF9-30496EE5E75D}.Debug|x64.ActiveCfg = Debug|Any CPU
		{D13A173E-4B0C-4DD2-9DF9-30496EE5E75D}.Debug|x64.Build.0 = Debug|Any CPU
		{D13A173E-4B0C-4DD2-9DF9-30496EE5E75D}.Debug|x86.ActiveCfg = Debug|Any CPU
		{D13A173E-4B0C-4DD2-9DF9-30496EE5E75D}.Debug|x86.Build.0 = Debug|Any CPU
		{D13A173E-4B0C-4DD2-9DF9-30496EE5E75D}.Release|Any CPU.ActiveCfg = Release|Any CPU
		{D13A173E-4B0C-4DD2-9DF9-30496EE5E75D}.Release|Any CPU.Build.0 = Release|Any CPU
		{D13A173E-4B0C-4DD2-9DF9-30496EE5E75D}.Release|x64.ActiveCfg = Release|Any CPU
		{D13A173E-4B0C-4DD2-9DF9-30496EE5E75D}.Release|x64.Build.0 = Release|Any CPU
		{D13A173E-4B0C-4DD2-9DF9-30496EE5E75D}.Release|x86.ActiveCfg = Release|Any CPU
		{D13A173E-4B0C-4DD2-9DF9-30496EE5E75D}.Release|x86.Build.0 = Release|Any CPU
		{9E36D9D9-D770-495A-9717-288FA415860F}.Debug|Any CPU.ActiveCfg = Debug|Any CPU
		{9E36D9D9-D770-495A-9717-288FA415860F}.Debug|Any CPU.Build.0 = Debug|Any CPU
		{9E36D9D9-D770-495A-9717-288FA415860F}.Debug|x64.ActiveCfg = Debug|Any CPU
		{9E36D9D9-D770-495A-9717-288FA415860F}.Debug|x64.Build.0 = Debug|Any CPU
		{9E36D9D9-D770-495A-9717-288FA415860F}.Debug|x86.ActiveCfg = Debug|Any CPU
		{9E36D9D9-D770-495A-9717-288FA415860F}.Debug|x86.Build.0 = Debug|Any CPU
		{9E36D9D9-D770-495A-9717-288FA415860F}.Release|Any CPU.ActiveCfg = Release|Any CPU
		{9E36D9D9-D770-495A-9717-288FA415860F}.Release|Any CPU.Build.0 = Release|Any CPU
		{9E36D9D9-D770-495A-9717-288FA415860F}.Release|x64.ActiveCfg = Release|Any CPU
		{9E36D9D9-D770-495A-9717-288FA415860F}.Release|x64.Build.0 = Release|Any CPU
		{9E36D9D9-D770-495A-9717-288FA415860F}.Release|x86.ActiveCfg = Release|Any CPU
		{9E36D9D9-D770-495A-9717-288FA415860F}.Release|x86.Build.0 = Release|Any CPU
		{9FADCA8C-7124-40C8-85B9-270BDA42FA34}.Debug|Any CPU.ActiveCfg = Debug|Any CPU
		{9FADCA8C-7124-40C8-85B9-270BDA42FA34}.Debug|Any CPU.Build.0 = Debug|Any CPU
		{9FADCA8C-7124-40C8-85B9-270BDA42FA34}.Debug|x64.ActiveCfg = Debug|Any CPU
		{9FADCA8C-7124-40C8-85B9-270BDA42FA34}.Debug|x64.Build.0 = Debug|Any CPU
		{9FADCA8C-7124-40C8-85B9-270BDA42FA34}.Debug|x86.ActiveCfg = Debug|Any CPU
		{9FADCA8C-7124-40C8-85B9-270BDA42FA34}.Debug|x86.Build.0 = Debug|Any CPU
		{9FADCA8C-7124-40C8-85B9-270BDA42FA34}.Release|Any CPU.ActiveCfg = Release|Any CPU
		{9FADCA8C-7124-40C8-85B9-270BDA42FA34}.Release|Any CPU.Build.0 = Release|Any CPU
		{9FADCA8C-7124-40C8-85B9-270BDA42FA34}.Release|x64.ActiveCfg = Release|Any CPU
		{9FADCA8C-7124-40C8-85B9-270BDA42FA34}.Release|x64.Build.0 = Release|Any CPU
		{9FADCA8C-7124-40C8-85B9-270BDA42FA34}.Release|x86.ActiveCfg = Release|Any CPU
		{9FADCA8C-7124-40C8-85B9-270BDA42FA34}.Release|x86.Build.0 = Release|Any CPU
		{F2F806D2-4419-45EC-91E9-A161E1B45058}.Debug|Any CPU.ActiveCfg = Debug|Any CPU
		{F2F806D2-4419-45EC-91E9-A161E1B45058}.Debug|Any CPU.Build.0 = Debug|Any CPU
		{F2F806D2-4419-45EC-91E9-A161E1B45058}.Debug|x64.ActiveCfg = Debug|Any CPU
		{F2F806D2-4419-45EC-91E9-A161E1B45058}.Debug|x64.Build.0 = Debug|Any CPU
		{F2F806D2-4419-45EC-91E9-A161E1B45058}.Debug|x86.ActiveCfg = Debug|Any CPU
		{F2F806D2-4419-45EC-91E9-A161E1B45058}.Debug|x86.Build.0 = Debug|Any CPU
		{F2F806D2-4419-45EC-91E9-A161E1B45058}.Release|Any CPU.ActiveCfg = Release|Any CPU
		{F2F806D2-4419-45EC-91E9-A161E1B45058}.Release|Any CPU.Build.0 = Release|Any CPU
		{F2F806D2-4419-45EC-91E9-A161E1B45058}.Release|x64.ActiveCfg = Release|Any CPU
		{F2F806D2-4419-45EC-91E9-A161E1B45058}.Release|x64.Build.0 = Release|Any CPU
		{F2F806D2-4419-45EC-91E9-A161E1B45058}.Release|x86.ActiveCfg = Release|Any CPU
		{F2F806D2-4419-45EC-91E9-A161E1B45058}.Release|x86.Build.0 = Release|Any CPU
		{7784A8CF-F5D1-48F9-A0B9-5B1DA5D41B49}.Debug|Any CPU.ActiveCfg = Debug|Any CPU
		{7784A8CF-F5D1-48F9-A0B9-5B1DA5D41B49}.Debug|Any CPU.Build.0 = Debug|Any CPU
		{7784A8CF-F5D1-48F9-A0B9-5B1DA5D41B49}.Debug|x64.ActiveCfg = Debug|Any CPU
		{7784A8CF-F5D1-48F9-A0B9-5B1DA5D41B49}.Debug|x64.Build.0 = Debug|Any CPU
		{7784A8CF-F5D1-48F9-A0B9-5B1DA5D41B49}.Debug|x86.ActiveCfg = Debug|Any CPU
		{7784A8CF-F5D1-48F9-A0B9-5B1DA5D41B49}.Debug|x86.Build.0 = Debug|Any CPU
		{7784A8CF-F5D1-48F9-A0B9-5B1DA5D41B49}.Release|Any CPU.ActiveCfg = Release|Any CPU
		{7784A8CF-F5D1-48F9-A0B9-5B1DA5D41B49}.Release|Any CPU.Build.0 = Release|Any CPU
		{7784A8CF-F5D1-48F9-A0B9-5B1DA5D41B49}.Release|x64.ActiveCfg = Release|Any CPU
		{7784A8CF-F5D1-48F9-A0B9-5B1DA5D41B49}.Release|x64.Build.0 = Release|Any CPU
		{7784A8CF-F5D1-48F9-A0B9-5B1DA5D41B49}.Release|x86.ActiveCfg = Release|Any CPU
		{7784A8CF-F5D1-48F9-A0B9-5B1DA5D41B49}.Release|x86.Build.0 = Release|Any CPU
		{29F1C462-609B-45B2-A907-D6895E818DB5}.Debug|Any CPU.ActiveCfg = Debug|Any CPU
		{29F1C462-609B-45B2-A907-D6895E818DB5}.Debug|Any CPU.Build.0 = Debug|Any CPU
		{29F1C462-609B-45B2-A907-D6895E818DB5}.Debug|x64.ActiveCfg = Debug|Any CPU
		{29F1C462-609B-45B2-A907-D6895E818DB5}.Debug|x64.Build.0 = Debug|Any CPU
		{29F1C462-609B-45B2-A907-D6895E818DB5}.Debug|x86.ActiveCfg = Debug|Any CPU
		{29F1C462-609B-45B2-A907-D6895E818DB5}.Debug|x86.Build.0 = Debug|Any CPU
		{29F1C462-609B-45B2-A907-D6895E818DB5}.Release|Any CPU.ActiveCfg = Release|Any CPU
		{29F1C462-609B-45B2-A907-D6895E818DB5}.Release|Any CPU.Build.0 = Release|Any CPU
		{29F1C462-609B-45B2-A907-D6895E818DB5}.Release|x64.ActiveCfg = Release|Any CPU
		{29F1C462-609B-45B2-A907-D6895E818DB5}.Release|x64.Build.0 = Release|Any CPU
		{29F1C462-609B-45B2-A907-D6895E818DB5}.Release|x86.ActiveCfg = Release|Any CPU
		{29F1C462-609B-45B2-A907-D6895E818DB5}.Release|x86.Build.0 = Release|Any CPU
		{27325F74-6EE1-4299-A689-E378DCEB220F}.Debug|Any CPU.ActiveCfg = Debug|Any CPU
		{27325F74-6EE1-4299-A689-E378DCEB220F}.Debug|Any CPU.Build.0 = Debug|Any CPU
		{27325F74-6EE1-4299-A689-E378DCEB220F}.Debug|x64.ActiveCfg = Debug|Any CPU
		{27325F74-6EE1-4299-A689-E378DCEB220F}.Debug|x64.Build.0 = Debug|Any CPU
		{27325F74-6EE1-4299-A689-E378DCEB220F}.Debug|x86.ActiveCfg = Debug|Any CPU
		{27325F74-6EE1-4299-A689-E378DCEB220F}.Debug|x86.Build.0 = Debug|Any CPU
		{27325F74-6EE1-4299-A689-E378DCEB220F}.Release|Any CPU.ActiveCfg = Release|Any CPU
		{27325F74-6EE1-4299-A689-E378DCEB220F}.Release|Any CPU.Build.0 = Release|Any CPU
		{27325F74-6EE1-4299-A689-E378DCEB220F}.Release|x64.ActiveCfg = Release|Any CPU
		{27325F74-6EE1-4299-A689-E378DCEB220F}.Release|x64.Build.0 = Release|Any CPU
		{27325F74-6EE1-4299-A689-E378DCEB220F}.Release|x86.ActiveCfg = Release|Any CPU
		{27325F74-6EE1-4299-A689-E378DCEB220F}.Release|x86.Build.0 = Release|Any CPU
		{DB448121-27E1-468F-80B8-D66B64A8FF45}.Debug|Any CPU.ActiveCfg = Debug|Any CPU
		{DB448121-27E1-468F-80B8-D66B64A8FF45}.Debug|Any CPU.Build.0 = Debug|Any CPU
		{DB448121-27E1-468F-80B8-D66B64A8FF45}.Debug|x64.ActiveCfg = Debug|Any CPU
		{DB448121-27E1-468F-80B8-D66B64A8FF45}.Debug|x64.Build.0 = Debug|Any CPU
		{DB448121-27E1-468F-80B8-D66B64A8FF45}.Debug|x86.ActiveCfg = Debug|Any CPU
		{DB448121-27E1-468F-80B8-D66B64A8FF45}.Debug|x86.Build.0 = Debug|Any CPU
		{DB448121-27E1-468F-80B8-D66B64A8FF45}.Release|Any CPU.ActiveCfg = Release|Any CPU
		{DB448121-27E1-468F-80B8-D66B64A8FF45}.Release|Any CPU.Build.0 = Release|Any CPU
		{DB448121-27E1-468F-80B8-D66B64A8FF45}.Release|x64.ActiveCfg = Release|Any CPU
		{DB448121-27E1-468F-80B8-D66B64A8FF45}.Release|x64.Build.0 = Release|Any CPU
		{DB448121-27E1-468F-80B8-D66B64A8FF45}.Release|x86.ActiveCfg = Release|Any CPU
		{DB448121-27E1-468F-80B8-D66B64A8FF45}.Release|x86.Build.0 = Release|Any CPU
		{3F267C9F-63CC-425D-852D-A8BED59DADBC}.Debug|Any CPU.ActiveCfg = Debug|Any CPU
		{3F267C9F-63CC-425D-852D-A8BED59DADBC}.Debug|Any CPU.Build.0 = Debug|Any CPU
		{3F267C9F-63CC-425D-852D-A8BED59DADBC}.Debug|x64.ActiveCfg = Debug|Any CPU
		{3F267C9F-63CC-425D-852D-A8BED59DADBC}.Debug|x64.Build.0 = Debug|Any CPU
		{3F267C9F-63CC-425D-852D-A8BED59DADBC}.Debug|x86.ActiveCfg = Debug|Any CPU
		{3F267C9F-63CC-425D-852D-A8BED59DADBC}.Debug|x86.Build.0 = Debug|Any CPU
		{3F267C9F-63CC-425D-852D-A8BED59DADBC}.Release|Any CPU.ActiveCfg = Release|Any CPU
		{3F267C9F-63CC-425D-852D-A8BED59DADBC}.Release|Any CPU.Build.0 = Release|Any CPU
		{3F267C9F-63CC-425D-852D-A8BED59DADBC}.Release|x64.ActiveCfg = Release|Any CPU
		{3F267C9F-63CC-425D-852D-A8BED59DADBC}.Release|x64.Build.0 = Release|Any CPU
		{3F267C9F-63CC-425D-852D-A8BED59DADBC}.Release|x86.ActiveCfg = Release|Any CPU
		{3F267C9F-63CC-425D-852D-A8BED59DADBC}.Release|x86.Build.0 = Release|Any CPU
		{F7A3AF0C-686E-4F6C-9CEF-1E69A139D370}.Debug|Any CPU.ActiveCfg = Debug|Any CPU
		{F7A3AF0C-686E-4F6C-9CEF-1E69A139D370}.Debug|Any CPU.Build.0 = Debug|Any CPU
		{F7A3AF0C-686E-4F6C-9CEF-1E69A139D370}.Debug|x64.ActiveCfg = Debug|Any CPU
		{F7A3AF0C-686E-4F6C-9CEF-1E69A139D370}.Debug|x64.Build.0 = Debug|Any CPU
		{F7A3AF0C-686E-4F6C-9CEF-1E69A139D370}.Debug|x86.ActiveCfg = Debug|Any CPU
		{F7A3AF0C-686E-4F6C-9CEF-1E69A139D370}.Debug|x86.Build.0 = Debug|Any CPU
		{F7A3AF0C-686E-4F6C-9CEF-1E69A139D370}.Release|Any CPU.ActiveCfg = Release|Any CPU
		{F7A3AF0C-686E-4F6C-9CEF-1E69A139D370}.Release|Any CPU.Build.0 = Release|Any CPU
		{F7A3AF0C-686E-4F6C-9CEF-1E69A139D370}.Release|x64.ActiveCfg = Release|Any CPU
		{F7A3AF0C-686E-4F6C-9CEF-1E69A139D370}.Release|x64.Build.0 = Release|Any CPU
		{F7A3AF0C-686E-4F6C-9CEF-1E69A139D370}.Release|x86.ActiveCfg = Release|Any CPU
		{F7A3AF0C-686E-4F6C-9CEF-1E69A139D370}.Release|x86.Build.0 = Release|Any CPU
		{70614C8C-F857-423E-A70C-84D2442C05D3}.Debug|Any CPU.ActiveCfg = Debug|Any CPU
		{70614C8C-F857-423E-A70C-84D2442C05D3}.Debug|Any CPU.Build.0 = Debug|Any CPU
		{70614C8C-F857-423E-A70C-84D2442C05D3}.Debug|x64.ActiveCfg = Debug|Any CPU
		{70614C8C-F857-423E-A70C-84D2442C05D3}.Debug|x64.Build.0 = Debug|Any CPU
		{70614C8C-F857-423E-A70C-84D2442C05D3}.Debug|x86.ActiveCfg = Debug|Any CPU
		{70614C8C-F857-423E-A70C-84D2442C05D3}.Debug|x86.Build.0 = Debug|Any CPU
		{70614C8C-F857-423E-A70C-84D2442C05D3}.Release|Any CPU.ActiveCfg = Release|Any CPU
		{70614C8C-F857-423E-A70C-84D2442C05D3}.Release|Any CPU.Build.0 = Release|Any CPU
		{70614C8C-F857-423E-A70C-84D2442C05D3}.Release|x64.ActiveCfg = Release|Any CPU
		{70614C8C-F857-423E-A70C-84D2442C05D3}.Release|x64.Build.0 = Release|Any CPU
		{70614C8C-F857-423E-A70C-84D2442C05D3}.Release|x86.ActiveCfg = Release|Any CPU
		{70614C8C-F857-423E-A70C-84D2442C05D3}.Release|x86.Build.0 = Release|Any CPU
		{8EEC600A-62E8-4820-B541-C7C669742CCA}.Debug|Any CPU.ActiveCfg = Debug|Any CPU
		{8EEC600A-62E8-4820-B541-C7C669742CCA}.Debug|Any CPU.Build.0 = Debug|Any CPU
		{8EEC600A-62E8-4820-B541-C7C669742CCA}.Debug|x64.ActiveCfg = Debug|Any CPU
		{8EEC600A-62E8-4820-B541-C7C669742CCA}.Debug|x64.Build.0 = Debug|Any CPU
		{8EEC600A-62E8-4820-B541-C7C669742CCA}.Debug|x86.ActiveCfg = Debug|Any CPU
		{8EEC600A-62E8-4820-B541-C7C669742CCA}.Debug|x86.Build.0 = Debug|Any CPU
		{8EEC600A-62E8-4820-B541-C7C669742CCA}.Release|Any CPU.ActiveCfg = Release|Any CPU
		{8EEC600A-62E8-4820-B541-C7C669742CCA}.Release|Any CPU.Build.0 = Release|Any CPU
		{8EEC600A-62E8-4820-B541-C7C669742CCA}.Release|x64.ActiveCfg = Release|Any CPU
		{8EEC600A-62E8-4820-B541-C7C669742CCA}.Release|x64.Build.0 = Release|Any CPU
		{8EEC600A-62E8-4820-B541-C7C669742CCA}.Release|x86.ActiveCfg = Release|Any CPU
		{8EEC600A-62E8-4820-B541-C7C669742CCA}.Release|x86.Build.0 = Release|Any CPU
		{9B2E6C5F-91DC-4A73-9B82-310ADD9837E8}.Debug|Any CPU.ActiveCfg = Debug|Any CPU
		{9B2E6C5F-91DC-4A73-9B82-310ADD9837E8}.Debug|Any CPU.Build.0 = Debug|Any CPU
		{9B2E6C5F-91DC-4A73-9B82-310ADD9837E8}.Debug|x64.ActiveCfg = Debug|Any CPU
		{9B2E6C5F-91DC-4A73-9B82-310ADD9837E8}.Debug|x64.Build.0 = Debug|Any CPU
		{9B2E6C5F-91DC-4A73-9B82-310ADD9837E8}.Debug|x86.ActiveCfg = Debug|Any CPU
		{9B2E6C5F-91DC-4A73-9B82-310ADD9837E8}.Debug|x86.Build.0 = Debug|Any CPU
		{9B2E6C5F-91DC-4A73-9B82-310ADD9837E8}.Release|Any CPU.ActiveCfg = Release|Any CPU
		{9B2E6C5F-91DC-4A73-9B82-310ADD9837E8}.Release|Any CPU.Build.0 = Release|Any CPU
		{9B2E6C5F-91DC-4A73-9B82-310ADD9837E8}.Release|x64.ActiveCfg = Release|Any CPU
		{9B2E6C5F-91DC-4A73-9B82-310ADD9837E8}.Release|x64.Build.0 = Release|Any CPU
		{9B2E6C5F-91DC-4A73-9B82-310ADD9837E8}.Release|x86.ActiveCfg = Release|Any CPU
		{9B2E6C5F-91DC-4A73-9B82-310ADD9837E8}.Release|x86.Build.0 = Release|Any CPU
		{B3D40C54-E159-47C1-AF75-6659CE029129}.Debug|Any CPU.ActiveCfg = Debug|Any CPU
		{B3D40C54-E159-47C1-AF75-6659CE029129}.Debug|Any CPU.Build.0 = Debug|Any CPU
		{B3D40C54-E159-47C1-AF75-6659CE029129}.Debug|x64.ActiveCfg = Debug|Any CPU
		{B3D40C54-E159-47C1-AF75-6659CE029129}.Debug|x64.Build.0 = Debug|Any CPU
		{B3D40C54-E159-47C1-AF75-6659CE029129}.Debug|x86.ActiveCfg = Debug|Any CPU
		{B3D40C54-E159-47C1-AF75-6659CE029129}.Debug|x86.Build.0 = Debug|Any CPU
		{B3D40C54-E159-47C1-AF75-6659CE029129}.Release|Any CPU.ActiveCfg = Release|Any CPU
		{B3D40C54-E159-47C1-AF75-6659CE029129}.Release|Any CPU.Build.0 = Release|Any CPU
		{B3D40C54-E159-47C1-AF75-6659CE029129}.Release|x64.ActiveCfg = Release|Any CPU
		{B3D40C54-E159-47C1-AF75-6659CE029129}.Release|x64.Build.0 = Release|Any CPU
		{B3D40C54-E159-47C1-AF75-6659CE029129}.Release|x86.ActiveCfg = Release|Any CPU
		{B3D40C54-E159-47C1-AF75-6659CE029129}.Release|x86.Build.0 = Release|Any CPU
		{D8D32BBA-FBAF-4468-B024-1813682C221F}.Debug|Any CPU.ActiveCfg = Debug|Any CPU
		{D8D32BBA-FBAF-4468-B024-1813682C221F}.Debug|Any CPU.Build.0 = Debug|Any CPU
		{D8D32BBA-FBAF-4468-B024-1813682C221F}.Debug|x64.ActiveCfg = Debug|Any CPU
		{D8D32BBA-FBAF-4468-B024-1813682C221F}.Debug|x64.Build.0 = Debug|Any CPU
		{D8D32BBA-FBAF-4468-B024-1813682C221F}.Debug|x86.ActiveCfg = Debug|Any CPU
		{D8D32BBA-FBAF-4468-B024-1813682C221F}.Debug|x86.Build.0 = Debug|Any CPU
		{D8D32BBA-FBAF-4468-B024-1813682C221F}.Release|Any CPU.ActiveCfg = Release|Any CPU
		{D8D32BBA-FBAF-4468-B024-1813682C221F}.Release|Any CPU.Build.0 = Release|Any CPU
		{D8D32BBA-FBAF-4468-B024-1813682C221F}.Release|x64.ActiveCfg = Release|Any CPU
		{D8D32BBA-FBAF-4468-B024-1813682C221F}.Release|x64.Build.0 = Release|Any CPU
		{D8D32BBA-FBAF-4468-B024-1813682C221F}.Release|x86.ActiveCfg = Release|Any CPU
		{D8D32BBA-FBAF-4468-B024-1813682C221F}.Release|x86.Build.0 = Release|Any CPU
		{038A6B8B-EDBF-4FC1-9BD4-D3D649D95B5A}.Debug|Any CPU.ActiveCfg = Debug|Any CPU
		{038A6B8B-EDBF-4FC1-9BD4-D3D649D95B5A}.Debug|Any CPU.Build.0 = Debug|Any CPU
		{038A6B8B-EDBF-4FC1-9BD4-D3D649D95B5A}.Debug|x64.ActiveCfg = Debug|Any CPU
		{038A6B8B-EDBF-4FC1-9BD4-D3D649D95B5A}.Debug|x64.Build.0 = Debug|Any CPU
		{038A6B8B-EDBF-4FC1-9BD4-D3D649D95B5A}.Debug|x86.ActiveCfg = Debug|Any CPU
		{038A6B8B-EDBF-4FC1-9BD4-D3D649D95B5A}.Debug|x86.Build.0 = Debug|Any CPU
		{038A6B8B-EDBF-4FC1-9BD4-D3D649D95B5A}.Release|Any CPU.ActiveCfg = Release|Any CPU
		{038A6B8B-EDBF-4FC1-9BD4-D3D649D95B5A}.Release|Any CPU.Build.0 = Release|Any CPU
		{038A6B8B-EDBF-4FC1-9BD4-D3D649D95B5A}.Release|x64.ActiveCfg = Release|Any CPU
		{038A6B8B-EDBF-4FC1-9BD4-D3D649D95B5A}.Release|x64.Build.0 = Release|Any CPU
		{038A6B8B-EDBF-4FC1-9BD4-D3D649D95B5A}.Release|x86.ActiveCfg = Release|Any CPU
		{038A6B8B-EDBF-4FC1-9BD4-D3D649D95B5A}.Release|x86.Build.0 = Release|Any CPU
		{0094A420-22CD-4A88-95EF-62169655CA5F}.Debug|Any CPU.ActiveCfg = Debug|Any CPU
		{0094A420-22CD-4A88-95EF-62169655CA5F}.Debug|Any CPU.Build.0 = Debug|Any CPU
		{0094A420-22CD-4A88-95EF-62169655CA5F}.Debug|x64.ActiveCfg = Debug|Any CPU
		{0094A420-22CD-4A88-95EF-62169655CA5F}.Debug|x64.Build.0 = Debug|Any CPU
		{0094A420-22CD-4A88-95EF-62169655CA5F}.Debug|x86.ActiveCfg = Debug|Any CPU
		{0094A420-22CD-4A88-95EF-62169655CA5F}.Debug|x86.Build.0 = Debug|Any CPU
		{0094A420-22CD-4A88-95EF-62169655CA5F}.Release|Any CPU.ActiveCfg = Release|Any CPU
		{0094A420-22CD-4A88-95EF-62169655CA5F}.Release|Any CPU.Build.0 = Release|Any CPU
		{0094A420-22CD-4A88-95EF-62169655CA5F}.Release|x64.ActiveCfg = Release|Any CPU
		{0094A420-22CD-4A88-95EF-62169655CA5F}.Release|x64.Build.0 = Release|Any CPU
		{0094A420-22CD-4A88-95EF-62169655CA5F}.Release|x86.ActiveCfg = Release|Any CPU
		{0094A420-22CD-4A88-95EF-62169655CA5F}.Release|x86.Build.0 = Release|Any CPU
		{EFD6A70C-8846-41EC-826C-78735B370BFD}.Debug|Any CPU.ActiveCfg = Debug|Any CPU
		{EFD6A70C-8846-41EC-826C-78735B370BFD}.Debug|Any CPU.Build.0 = Debug|Any CPU
		{EFD6A70C-8846-41EC-826C-78735B370BFD}.Debug|x64.ActiveCfg = Debug|Any CPU
		{EFD6A70C-8846-41EC-826C-78735B370BFD}.Debug|x64.Build.0 = Debug|Any CPU
		{EFD6A70C-8846-41EC-826C-78735B370BFD}.Debug|x86.ActiveCfg = Debug|Any CPU
		{EFD6A70C-8846-41EC-826C-78735B370BFD}.Debug|x86.Build.0 = Debug|Any CPU
		{EFD6A70C-8846-41EC-826C-78735B370BFD}.Release|Any CPU.ActiveCfg = Release|Any CPU
		{EFD6A70C-8846-41EC-826C-78735B370BFD}.Release|Any CPU.Build.0 = Release|Any CPU
		{EFD6A70C-8846-41EC-826C-78735B370BFD}.Release|x64.ActiveCfg = Release|Any CPU
		{EFD6A70C-8846-41EC-826C-78735B370BFD}.Release|x64.Build.0 = Release|Any CPU
		{EFD6A70C-8846-41EC-826C-78735B370BFD}.Release|x86.ActiveCfg = Release|Any CPU
		{EFD6A70C-8846-41EC-826C-78735B370BFD}.Release|x86.Build.0 = Release|Any CPU
		{411C5CD3-37E1-456A-81DD-43116737ACF9}.Debug|Any CPU.ActiveCfg = Debug|Any CPU
		{411C5CD3-37E1-456A-81DD-43116737ACF9}.Debug|Any CPU.Build.0 = Debug|Any CPU
		{411C5CD3-37E1-456A-81DD-43116737ACF9}.Debug|x64.ActiveCfg = Debug|Any CPU
		{411C5CD3-37E1-456A-81DD-43116737ACF9}.Debug|x64.Build.0 = Debug|Any CPU
		{411C5CD3-37E1-456A-81DD-43116737ACF9}.Debug|x86.ActiveCfg = Debug|Any CPU
		{411C5CD3-37E1-456A-81DD-43116737ACF9}.Debug|x86.Build.0 = Debug|Any CPU
		{411C5CD3-37E1-456A-81DD-43116737ACF9}.Release|Any CPU.ActiveCfg = Release|Any CPU
		{411C5CD3-37E1-456A-81DD-43116737ACF9}.Release|Any CPU.Build.0 = Release|Any CPU
		{411C5CD3-37E1-456A-81DD-43116737ACF9}.Release|x64.ActiveCfg = Release|Any CPU
		{411C5CD3-37E1-456A-81DD-43116737ACF9}.Release|x64.Build.0 = Release|Any CPU
		{411C5CD3-37E1-456A-81DD-43116737ACF9}.Release|x86.ActiveCfg = Release|Any CPU
		{411C5CD3-37E1-456A-81DD-43116737ACF9}.Release|x86.Build.0 = Release|Any CPU
		{C3AF47DC-BD20-4CDC-9163-209A91DE02B3}.Debug|Any CPU.ActiveCfg = Debug|Any CPU
		{C3AF47DC-BD20-4CDC-9163-209A91DE02B3}.Debug|Any CPU.Build.0 = Debug|Any CPU
		{C3AF47DC-BD20-4CDC-9163-209A91DE02B3}.Debug|x64.ActiveCfg = Debug|Any CPU
		{C3AF47DC-BD20-4CDC-9163-209A91DE02B3}.Debug|x64.Build.0 = Debug|Any CPU
		{C3AF47DC-BD20-4CDC-9163-209A91DE02B3}.Debug|x86.ActiveCfg = Debug|Any CPU
		{C3AF47DC-BD20-4CDC-9163-209A91DE02B3}.Debug|x86.Build.0 = Debug|Any CPU
		{C3AF47DC-BD20-4CDC-9163-209A91DE02B3}.Release|Any CPU.ActiveCfg = Release|Any CPU
		{C3AF47DC-BD20-4CDC-9163-209A91DE02B3}.Release|Any CPU.Build.0 = Release|Any CPU
		{C3AF47DC-BD20-4CDC-9163-209A91DE02B3}.Release|x64.ActiveCfg = Release|Any CPU
		{C3AF47DC-BD20-4CDC-9163-209A91DE02B3}.Release|x64.Build.0 = Release|Any CPU
		{C3AF47DC-BD20-4CDC-9163-209A91DE02B3}.Release|x86.ActiveCfg = Release|Any CPU
		{C3AF47DC-BD20-4CDC-9163-209A91DE02B3}.Release|x86.Build.0 = Release|Any CPU
		{37657BBD-6B2D-4514-9491-CA5DDC47E641}.Debug|Any CPU.ActiveCfg = Debug|Any CPU
		{37657BBD-6B2D-4514-9491-CA5DDC47E641}.Debug|Any CPU.Build.0 = Debug|Any CPU
		{37657BBD-6B2D-4514-9491-CA5DDC47E641}.Debug|x64.ActiveCfg = Debug|Any CPU
		{37657BBD-6B2D-4514-9491-CA5DDC47E641}.Debug|x64.Build.0 = Debug|Any CPU
		{37657BBD-6B2D-4514-9491-CA5DDC47E641}.Debug|x86.ActiveCfg = Debug|Any CPU
		{37657BBD-6B2D-4514-9491-CA5DDC47E641}.Debug|x86.Build.0 = Debug|Any CPU
		{37657BBD-6B2D-4514-9491-CA5DDC47E641}.Release|Any CPU.ActiveCfg = Release|Any CPU
		{37657BBD-6B2D-4514-9491-CA5DDC47E641}.Release|Any CPU.Build.0 = Release|Any CPU
		{37657BBD-6B2D-4514-9491-CA5DDC47E641}.Release|x64.ActiveCfg = Release|Any CPU
		{37657BBD-6B2D-4514-9491-CA5DDC47E641}.Release|x64.Build.0 = Release|Any CPU
		{37657BBD-6B2D-4514-9491-CA5DDC47E641}.Release|x86.ActiveCfg = Release|Any CPU
		{37657BBD-6B2D-4514-9491-CA5DDC47E641}.Release|x86.Build.0 = Release|Any CPU
		{A99E2A84-A36F-420E-87D6-D3FCC6D0E894}.Debug|Any CPU.ActiveCfg = Debug|Any CPU
		{A99E2A84-A36F-420E-87D6-D3FCC6D0E894}.Debug|Any CPU.Build.0 = Debug|Any CPU
		{A99E2A84-A36F-420E-87D6-D3FCC6D0E894}.Debug|x64.ActiveCfg = Debug|Any CPU
		{A99E2A84-A36F-420E-87D6-D3FCC6D0E894}.Debug|x64.Build.0 = Debug|Any CPU
		{A99E2A84-A36F-420E-87D6-D3FCC6D0E894}.Debug|x86.ActiveCfg = Debug|Any CPU
		{A99E2A84-A36F-420E-87D6-D3FCC6D0E894}.Debug|x86.Build.0 = Debug|Any CPU
		{A99E2A84-A36F-420E-87D6-D3FCC6D0E894}.Release|Any CPU.ActiveCfg = Release|Any CPU
		{A99E2A84-A36F-420E-87D6-D3FCC6D0E894}.Release|Any CPU.Build.0 = Release|Any CPU
		{A99E2A84-A36F-420E-87D6-D3FCC6D0E894}.Release|x64.ActiveCfg = Release|Any CPU
		{A99E2A84-A36F-420E-87D6-D3FCC6D0E894}.Release|x64.Build.0 = Release|Any CPU
		{A99E2A84-A36F-420E-87D6-D3FCC6D0E894}.Release|x86.ActiveCfg = Release|Any CPU
		{A99E2A84-A36F-420E-87D6-D3FCC6D0E894}.Release|x86.Build.0 = Release|Any CPU
		{CE2BC2DB-CAAE-441E-83DC-E209D3125A00}.Debug|Any CPU.ActiveCfg = Debug|Any CPU
		{CE2BC2DB-CAAE-441E-83DC-E209D3125A00}.Debug|Any CPU.Build.0 = Debug|Any CPU
		{CE2BC2DB-CAAE-441E-83DC-E209D3125A00}.Debug|x64.ActiveCfg = Debug|Any CPU
		{CE2BC2DB-CAAE-441E-83DC-E209D3125A00}.Debug|x64.Build.0 = Debug|Any CPU
		{CE2BC2DB-CAAE-441E-83DC-E209D3125A00}.Debug|x86.ActiveCfg = Debug|Any CPU
		{CE2BC2DB-CAAE-441E-83DC-E209D3125A00}.Debug|x86.Build.0 = Debug|Any CPU
		{CE2BC2DB-CAAE-441E-83DC-E209D3125A00}.Release|Any CPU.ActiveCfg = Release|Any CPU
		{CE2BC2DB-CAAE-441E-83DC-E209D3125A00}.Release|Any CPU.Build.0 = Release|Any CPU
		{CE2BC2DB-CAAE-441E-83DC-E209D3125A00}.Release|x64.ActiveCfg = Release|Any CPU
		{CE2BC2DB-CAAE-441E-83DC-E209D3125A00}.Release|x64.Build.0 = Release|Any CPU
		{CE2BC2DB-CAAE-441E-83DC-E209D3125A00}.Release|x86.ActiveCfg = Release|Any CPU
		{CE2BC2DB-CAAE-441E-83DC-E209D3125A00}.Release|x86.Build.0 = Release|Any CPU
		{A410E93B-BD36-4BF3-B7DE-8A05C47EAED5}.Debug|Any CPU.ActiveCfg = Debug|Any CPU
		{A410E93B-BD36-4BF3-B7DE-8A05C47EAED5}.Debug|Any CPU.Build.0 = Debug|Any CPU
		{A410E93B-BD36-4BF3-B7DE-8A05C47EAED5}.Debug|x64.ActiveCfg = Debug|Any CPU
		{A410E93B-BD36-4BF3-B7DE-8A05C47EAED5}.Debug|x64.Build.0 = Debug|Any CPU
		{A410E93B-BD36-4BF3-B7DE-8A05C47EAED5}.Debug|x86.ActiveCfg = Debug|Any CPU
		{A410E93B-BD36-4BF3-B7DE-8A05C47EAED5}.Debug|x86.Build.0 = Debug|Any CPU
		{A410E93B-BD36-4BF3-B7DE-8A05C47EAED5}.Release|Any CPU.ActiveCfg = Release|Any CPU
		{A410E93B-BD36-4BF3-B7DE-8A05C47EAED5}.Release|Any CPU.Build.0 = Release|Any CPU
		{A410E93B-BD36-4BF3-B7DE-8A05C47EAED5}.Release|x64.ActiveCfg = Release|Any CPU
		{A410E93B-BD36-4BF3-B7DE-8A05C47EAED5}.Release|x64.Build.0 = Release|Any CPU
		{A410E93B-BD36-4BF3-B7DE-8A05C47EAED5}.Release|x86.ActiveCfg = Release|Any CPU
		{A410E93B-BD36-4BF3-B7DE-8A05C47EAED5}.Release|x86.Build.0 = Release|Any CPU
		{B6607232-6674-435F-AF0E-57B875D87204}.Debug|Any CPU.ActiveCfg = Debug|Any CPU
		{B6607232-6674-435F-AF0E-57B875D87204}.Debug|Any CPU.Build.0 = Debug|Any CPU
		{B6607232-6674-435F-AF0E-57B875D87204}.Debug|x64.ActiveCfg = Debug|Any CPU
		{B6607232-6674-435F-AF0E-57B875D87204}.Debug|x64.Build.0 = Debug|Any CPU
		{B6607232-6674-435F-AF0E-57B875D87204}.Debug|x86.ActiveCfg = Debug|Any CPU
		{B6607232-6674-435F-AF0E-57B875D87204}.Debug|x86.Build.0 = Debug|Any CPU
		{B6607232-6674-435F-AF0E-57B875D87204}.Release|Any CPU.ActiveCfg = Release|Any CPU
		{B6607232-6674-435F-AF0E-57B875D87204}.Release|Any CPU.Build.0 = Release|Any CPU
		{B6607232-6674-435F-AF0E-57B875D87204}.Release|x64.ActiveCfg = Release|Any CPU
		{B6607232-6674-435F-AF0E-57B875D87204}.Release|x64.Build.0 = Release|Any CPU
		{B6607232-6674-435F-AF0E-57B875D87204}.Release|x86.ActiveCfg = Release|Any CPU
		{B6607232-6674-435F-AF0E-57B875D87204}.Release|x86.Build.0 = Release|Any CPU
		{ED30326D-0538-4E44-84D6-37994B1C8ECD}.Debug|Any CPU.ActiveCfg = Debug|Any CPU
		{ED30326D-0538-4E44-84D6-37994B1C8ECD}.Debug|Any CPU.Build.0 = Debug|Any CPU
		{ED30326D-0538-4E44-84D6-37994B1C8ECD}.Debug|x64.ActiveCfg = Debug|Any CPU
		{ED30326D-0538-4E44-84D6-37994B1C8ECD}.Debug|x64.Build.0 = Debug|Any CPU
		{ED30326D-0538-4E44-84D6-37994B1C8ECD}.Debug|x86.ActiveCfg = Debug|Any CPU
		{ED30326D-0538-4E44-84D6-37994B1C8ECD}.Debug|x86.Build.0 = Debug|Any CPU
		{ED30326D-0538-4E44-84D6-37994B1C8ECD}.Release|Any CPU.ActiveCfg = Release|Any CPU
		{ED30326D-0538-4E44-84D6-37994B1C8ECD}.Release|Any CPU.Build.0 = Release|Any CPU
		{ED30326D-0538-4E44-84D6-37994B1C8ECD}.Release|x64.ActiveCfg = Release|Any CPU
		{ED30326D-0538-4E44-84D6-37994B1C8ECD}.Release|x64.Build.0 = Release|Any CPU
		{ED30326D-0538-4E44-84D6-37994B1C8ECD}.Release|x86.ActiveCfg = Release|Any CPU
		{ED30326D-0538-4E44-84D6-37994B1C8ECD}.Release|x86.Build.0 = Release|Any CPU
	EndGlobalSection
	GlobalSection(SolutionProperties) = preSolution
		HideSolutionNode = FALSE
	EndGlobalSection
	GlobalSection(NestedProjects) = preSolution
		{9C34F97F-28F8-4438-A723-E96B6C7831D8} = {0D0C1FB3-6A3B-4C8B-B9A7-07BB80DEEDF4}
		{A579D43E-55C9-4BE2-9A2C-158DDDE4E4DE} = {0D0C1FB3-6A3B-4C8B-B9A7-07BB80DEEDF4}
		{41C23DA7-CCEE-48BC-9C7D-AEE55D89F3FF} = {0D0C1FB3-6A3B-4C8B-B9A7-07BB80DEEDF4}
		{0D7EA4BF-16AC-450B-BA7D-29CCCE124BF5} = {0D0C1FB3-6A3B-4C8B-B9A7-07BB80DEEDF4}
		{7F97E2CA-2C3E-4988-82AA-DCFC05C30891} = {0D0C1FB3-6A3B-4C8B-B9A7-07BB80DEEDF4}
		{4244D7B1-9D90-48AB-B156-5AC79AA19D92} = {0D0C1FB3-6A3B-4C8B-B9A7-07BB80DEEDF4}
		{11B15EB3-F1B9-4CAA-A0A2-E4694B94E878} = {0D0C1FB3-6A3B-4C8B-B9A7-07BB80DEEDF4}
		{BBAC2DC8-0D7A-4603-B58A-7405F248C846} = {0D0C1FB3-6A3B-4C8B-B9A7-07BB80DEEDF4}
		{D13A173E-4B0C-4DD2-9DF9-30496EE5E75D} = {0D0C1FB3-6A3B-4C8B-B9A7-07BB80DEEDF4}
		{9E36D9D9-D770-495A-9717-288FA415860F} = {0D0C1FB3-6A3B-4C8B-B9A7-07BB80DEEDF4}
		{9FADCA8C-7124-40C8-85B9-270BDA42FA34} = {0D0C1FB3-6A3B-4C8B-B9A7-07BB80DEEDF4}
		{F2F806D2-4419-45EC-91E9-A161E1B45058} = {0D0C1FB3-6A3B-4C8B-B9A7-07BB80DEEDF4}
		{7784A8CF-F5D1-48F9-A0B9-5B1DA5D41B49} = {0D0C1FB3-6A3B-4C8B-B9A7-07BB80DEEDF4}
		{29F1C462-609B-45B2-A907-D6895E818DB5} = {0D0C1FB3-6A3B-4C8B-B9A7-07BB80DEEDF4}
		{27325F74-6EE1-4299-A689-E378DCEB220F} = {0D0C1FB3-6A3B-4C8B-B9A7-07BB80DEEDF4}
		{DB448121-27E1-468F-80B8-D66B64A8FF45} = {0D0C1FB3-6A3B-4C8B-B9A7-07BB80DEEDF4}
		{3F267C9F-63CC-425D-852D-A8BED59DADBC} = {0D0C1FB3-6A3B-4C8B-B9A7-07BB80DEEDF4}
		{F7A3AF0C-686E-4F6C-9CEF-1E69A139D370} = {0D0C1FB3-6A3B-4C8B-B9A7-07BB80DEEDF4}
		{70614C8C-F857-423E-A70C-84D2442C05D3} = {0D0C1FB3-6A3B-4C8B-B9A7-07BB80DEEDF4}
		{8EEC600A-62E8-4820-B541-C7C669742CCA} = {0D0C1FB3-6A3B-4C8B-B9A7-07BB80DEEDF4}
		{9B2E6C5F-91DC-4A73-9B82-310ADD9837E8} = {0D0C1FB3-6A3B-4C8B-B9A7-07BB80DEEDF4}
		{B3D40C54-E159-47C1-AF75-6659CE029129} = {0D0C1FB3-6A3B-4C8B-B9A7-07BB80DEEDF4}
		{038A6B8B-EDBF-4FC1-9BD4-D3D649D95B5A} = {0D0C1FB3-6A3B-4C8B-B9A7-07BB80DEEDF4}
		{0094A420-22CD-4A88-95EF-62169655CA5F} = {0D0C1FB3-6A3B-4C8B-B9A7-07BB80DEEDF4}
		{411C5CD3-37E1-456A-81DD-43116737ACF9} = {0D0C1FB3-6A3B-4C8B-B9A7-07BB80DEEDF4}
		{C3AF47DC-BD20-4CDC-9163-209A91DE02B3} = {0D0C1FB3-6A3B-4C8B-B9A7-07BB80DEEDF4}
		{37657BBD-6B2D-4514-9491-CA5DDC47E641} = {0D0C1FB3-6A3B-4C8B-B9A7-07BB80DEEDF4}
		{A99E2A84-A36F-420E-87D6-D3FCC6D0E894} = {0D0C1FB3-6A3B-4C8B-B9A7-07BB80DEEDF4}
		{CE2BC2DB-CAAE-441E-83DC-E209D3125A00} = {0D0C1FB3-6A3B-4C8B-B9A7-07BB80DEEDF4}
		{A410E93B-BD36-4BF3-B7DE-8A05C47EAED5} = {0D0C1FB3-6A3B-4C8B-B9A7-07BB80DEEDF4}
		{B6607232-6674-435F-AF0E-57B875D87204} = {0D0C1FB3-6A3B-4C8B-B9A7-07BB80DEEDF4}
		{ED30326D-0538-4E44-84D6-37994B1C8ECD} = {0D0C1FB3-6A3B-4C8B-B9A7-07BB80DEEDF4}
	EndGlobalSection
	GlobalSection(ExtensibilityGlobals) = postSolution
		SolutionGuid = {8FA2012B-FEE8-46C1-8CA5-6950DAED4289}
	EndGlobalSection
EndGlobal
