
Microsoft Visual Studio Solution File, Format Version 12.00
# Visual Studio Version 16
VisualStudioVersion = 16.0.30114.105
MinimumVisualStudioVersion = 10.0.40219.1
Project("{FAE04EC0-301F-11D3-BF4B-00C04F79EFBC}") = "R5T.D0115.Base", "R5T.D0115.Base\R5T.D0115.Base.csproj", "{15FE8BBD-A53A-4B62-8084-18D67EFD75DA}"
EndProject
Project("{2150E333-8FDC-42A3-9474-1A3956D46DE8}") = "_Dependencies", "_Dependencies", "{0D0C1FB3-6A3B-4C8B-B9A7-07BB80DEEDF4}"
EndProject
Project("{FAE04EC0-301F-11D3-BF4B-00C04F79EFBC}") = "R5T.Dacia.T002", "..\..\R5T.Dacia\source\R5T.Dacia.T002\R5T.Dacia.T002.csproj", "{0B79958F-B61F-44AA-9C55-F6C19AAF7BE4}"
EndProject
Project("{FAE04EC0-301F-11D3-BF4B-00C04F79EFBC}") = "R5T.D0115.I001", "R5T.D0115.I001\R5T.D0115.I001.csproj", "{EF6A3F6E-D154-4CDA-8282-84394993AC6A}"
EndProject
Project("{FAE04EC0-301F-11D3-BF4B-00C04F79EFBC}") = "R5T.Dacia.Extensions", "..\..\R5T.Dacia.Extensions\source\R5T.Dacia.Extensions\R5T.Dacia.Extensions.csproj", "{C39A1E11-531C-46A6-9893-BAB05834F711}"
EndProject
Global
	GlobalSection(SolutionConfigurationPlatforms) = preSolution
		Debug|Any CPU = Debug|Any CPU
		Debug|x64 = Debug|x64
		Debug|x86 = Debug|x86
		Release|Any CPU = Release|Any CPU
		Release|x64 = Release|x64
		Release|x86 = Release|x86
	EndGlobalSection
	GlobalSection(SolutionProperties) = preSolution
		HideSolutionNode = FALSE
	EndGlobalSection
	GlobalSection(ProjectConfigurationPlatforms) = postSolution
		{15FE8BBD-A53A-4B62-8084-18D67EFD75DA}.Debug|Any CPU.ActiveCfg = Debug|Any CPU
		{15FE8BBD-A53A-4B62-8084-18D67EFD75DA}.Debug|Any CPU.Build.0 = Debug|Any CPU
		{15FE8BBD-A53A-4B62-8084-18D67EFD75DA}.Debug|x64.ActiveCfg = Debug|Any CPU
		{15FE8BBD-A53A-4B62-8084-18D67EFD75DA}.Debug|x64.Build.0 = Debug|Any CPU
		{15FE8BBD-A53A-4B62-8084-18D67EFD75DA}.Debug|x86.ActiveCfg = Debug|Any CPU
		{15FE8BBD-A53A-4B62-8084-18D67EFD75DA}.Debug|x86.Build.0 = Debug|Any CPU
		{15FE8BBD-A53A-4B62-8084-18D67EFD75DA}.Release|Any CPU.ActiveCfg = Release|Any CPU
		{15FE8BBD-A53A-4B62-8084-18D67EFD75DA}.Release|Any CPU.Build.0 = Release|Any CPU
		{15FE8BBD-A53A-4B62-8084-18D67EFD75DA}.Release|x64.ActiveCfg = Release|Any CPU
		{15FE8BBD-A53A-4B62-8084-18D67EFD75DA}.Release|x64.Build.0 = Release|Any CPU
		{15FE8BBD-A53A-4B62-8084-18D67EFD75DA}.Release|x86.ActiveCfg = Release|Any CPU
		{15FE8BBD-A53A-4B62-8084-18D67EFD75DA}.Release|x86.Build.0 = Release|Any CPU
		{0B79958F-B61F-44AA-9C55-F6C19AAF7BE4}.Debug|Any CPU.ActiveCfg = Debug|Any CPU
		{0B79958F-B61F-44AA-9C55-F6C19AAF7BE4}.Debug|Any CPU.Build.0 = Debug|Any CPU
		{0B79958F-B61F-44AA-9C55-F6C19AAF7BE4}.Debug|x64.ActiveCfg = Debug|Any CPU
		{0B79958F-B61F-44AA-9C55-F6C19AAF7BE4}.Debug|x64.Build.0 = Debug|Any CPU
		{0B79958F-B61F-44AA-9C55-F6C19AAF7BE4}.Debug|x86.ActiveCfg = Debug|Any CPU
		{0B79958F-B61F-44AA-9C55-F6C19AAF7BE4}.Debug|x86.Build.0 = Debug|Any CPU
		{0B79958F-B61F-44AA-9C55-F6C19AAF7BE4}.Release|Any CPU.ActiveCfg = Release|Any CPU
		{0B79958F-B61F-44AA-9C55-F6C19AAF7BE4}.Release|Any CPU.Build.0 = Release|Any CPU
		{0B79958F-B61F-44AA-9C55-F6C19AAF7BE4}.Release|x64.ActiveCfg = Release|Any CPU
		{0B79958F-B61F-44AA-9C55-F6C19AAF7BE4}.Release|x64.Build.0 = Release|Any CPU
		{0B79958F-B61F-44AA-9C55-F6C19AAF7BE4}.Release|x86.ActiveCfg = Release|Any CPU
		{0B79958F-B61F-44AA-9C55-F6C19AAF7BE4}.Release|x86.Build.0 = Release|Any CPU
		{EF6A3F6E-D154-4CDA-8282-84394993AC6A}.Debug|Any CPU.ActiveCfg = Debug|Any CPU
		{EF6A3F6E-D154-4CDA-8282-84394993AC6A}.Debug|Any CPU.Build.0 = Debug|Any CPU
		{EF6A3F6E-D154-4CDA-8282-84394993AC6A}.Debug|x64.ActiveCfg = Debug|Any CPU
		{EF6A3F6E-D154-4CDA-8282-84394993AC6A}.Debug|x64.Build.0 = Debug|Any CPU
		{EF6A3F6E-D154-4CDA-8282-84394993AC6A}.Debug|x86.ActiveCfg = Debug|Any CPU
		{EF6A3F6E-D154-4CDA-8282-84394993AC6A}.Debug|x86.Build.0 = Debug|Any CPU
		{EF6A3F6E-D154-4CDA-8282-84394993AC6A}.Release|Any CPU.ActiveCfg = Release|Any CPU
		{EF6A3F6E-D154-4CDA-8282-84394993AC6A}.Release|Any CPU.Build.0 = Release|Any CPU
		{EF6A3F6E-D154-4CDA-8282-84394993AC6A}.Release|x64.ActiveCfg = Release|Any CPU
		{EF6A3F6E-D154-4CDA-8282-84394993AC6A}.Release|x64.Build.0 = Release|Any CPU
		{EF6A3F6E-D154-4CDA-8282-84394993AC6A}.Release|x86.ActiveCfg = Release|Any CPU
		{EF6A3F6E-D154-4CDA-8282-84394993AC6A}.Release|x86.Build.0 = Release|Any CPU
		{C39A1E11-531C-46A6-9893-BAB05834F711}.Debug|Any CPU.ActiveCfg = Debug|Any CPU
		{C39A1E11-531C-46A6-9893-BAB05834F711}.Debug|Any CPU.Build.0 = Debug|Any CPU
		{C39A1E11-531C-46A6-9893-BAB05834F711}.Debug|x64.ActiveCfg = Debug|Any CPU
		{C39A1E11-531C-46A6-9893-BAB05834F711}.Debug|x64.Build.0 = Debug|Any CPU
		{C39A1E11-531C-46A6-9893-BAB05834F711}.Debug|x86.ActiveCfg = Debug|Any CPU
		{C39A1E11-531C-46A6-9893-BAB05834F711}.Debug|x86.Build.0 = Debug|Any CPU
		{C39A1E11-531C-46A6-9893-BAB05834F711}.Release|Any CPU.ActiveCfg = Release|Any CPU
		{C39A1E11-531C-46A6-9893-BAB05834F711}.Release|Any CPU.Build.0 = Release|Any CPU
		{C39A1E11-531C-46A6-9893-BAB05834F711}.Release|x64.ActiveCfg = Release|Any CPU
		{C39A1E11-531C-46A6-9893-BAB05834F711}.Release|x64.Build.0 = Release|Any CPU
		{C39A1E11-531C-46A6-9893-BAB05834F711}.Release|x86.ActiveCfg = Release|Any CPU
		{C39A1E11-531C-46A6-9893-BAB05834F711}.Release|x86.Build.0 = Release|Any CPU
	EndGlobalSection
	GlobalSection(NestedProjects) = preSolution
		{0B79958F-B61F-44AA-9C55-F6C19AAF7BE4} = {0D0C1FB3-6A3B-4C8B-B9A7-07BB80DEEDF4}
		{C39A1E11-531C-46A6-9893-BAB05834F711} = {0D0C1FB3-6A3B-4C8B-B9A7-07BB80DEEDF4}
	EndGlobalSection
EndGlobal
